
Microsoft Visual Studio Solution File, Format Version 12.00
# Visual Studio Version 16
VisualStudioVersion = 16.0.30309.148
MinimumVisualStudioVersion = 10.0.40219.1
Project("{9A19103F-16F7-4668-BE54-9A1E7A4F7556}") = "Svelto.ECS.Vanilla", "Svelto.ECS.Example\Svelto.ECS.Vanilla.csproj", "{609EAAA5-9323-407E-8279-D6A20C493188}"
EndProject
Project("{FAE04EC0-301F-11D3-BF4B-00C04F79EFBC}") = "Svelto.Common", "Svelto\com.sebaslab.svelto.common\Svelto.Common.csproj", "{0C660AE1-237F-4A04-99DD-4D14506184F6}"
EndProject
Project("{FAE04EC0-301F-11D3-BF4B-00C04F79EFBC}") = "Svelto.ECS", "Svelto\com.sebaslab.svelto.ecs\Svelto.ECS.csproj", "{6D8AA077-01C5-4EEE-9203-B9AE89C36E36}"
EndProject
Global
	GlobalSection(SolutionConfigurationPlatforms) = preSolution
		Debug|Any CPU = Debug|Any CPU
		Release|Any CPU = Release|Any CPU
	EndGlobalSection
	GlobalSection(ProjectConfigurationPlatforms) = postSolution
		{609EAAA5-9323-407E-8279-D6A20C493188}.Debug|Any CPU.ActiveCfg = Debug|Any CPU
		{609EAAA5-9323-407E-8279-D6A20C493188}.Debug|Any CPU.Build.0 = Debug|Any CPU
		{609EAAA5-9323-407E-8279-D6A20C493188}.Release|Any CPU.ActiveCfg = Release|Any CPU
		{609EAAA5-9323-407E-8279-D6A20C493188}.Release|Any CPU.Build.0 = Release|Any CPU
		{0C660AE1-237F-4A04-99DD-4D14506184F6}.Debug|Any CPU.ActiveCfg = Debug|Any CPU
		{0C660AE1-237F-4A04-99DD-4D14506184F6}.Debug|Any CPU.Build.0 = Debug|Any CPU
		{0C660AE1-237F-4A04-99DD-4D14506184F6}.Release|Any CPU.ActiveCfg = Release|Any CPU
		{0C660AE1-237F-4A04-99DD-4D14506184F6}.Release|Any CPU.Build.0 = Release|Any CPU
		{6D8AA077-01C5-4EEE-9203-B9AE89C36E36}.Debug|Any CPU.ActiveCfg = Debug|Any CPU
		{6D8AA077-01C5-4EEE-9203-B9AE89C36E36}.Debug|Any CPU.Build.0 = Debug|Any CPU
		{6D8AA077-01C5-4EEE-9203-B9AE89C36E36}.Release|Any CPU.ActiveCfg = Release|Any CPU
		{6D8AA077-01C5-4EEE-9203-B9AE89C36E36}.Release|Any CPU.Build.0 = Release|Any CPU
	EndGlobalSection
	GlobalSection(SolutionProperties) = preSolution
		HideSolutionNode = FALSE
	EndGlobalSection
	GlobalSection(ExtensibilityGlobals) = postSolution
		SolutionGuid = {45A5FF7D-5919-4E39-9EB5-20731E297275}
	EndGlobalSection
	GlobalSection(Performance) = preSolution
		HasPerformanceSessions = true
	EndGlobalSection
	GlobalSection(Performance) = preSolution
		HasPerformanceSessions = true
	EndGlobalSection
	GlobalSection(Performance) = preSolution
		HasPerformanceSessions = true
	EndGlobalSection
	GlobalSection(Performance) = preSolution
		HasPerformanceSessions = true
	EndGlobalSection
	GlobalSection(Performance) = preSolution
		HasPerformanceSessions = true
	EndGlobalSection
	GlobalSection(Performance) = preSolution
		HasPerformanceSessions = true
	EndGlobalSection
EndGlobal
