
Microsoft Visual Studio Solution File, Format Version 11.00
# Visual Studio 2010
Project("{FAE04EC0-301F-11D3-BF4B-00C04F79EFBC}") = "Svelto.ECS", "Svelto.ECS.csproj", "{d1f5999f-25d2-17ae-008e-32112127ab70}"
EndProject
Project("{FAE04EC0-301F-11D3-BF4B-00C04F79EFBC}") = "Unity.Collections", "Unity.Collections.csproj", "{6654fb97-b414-106f-4a05-4b44c69a6e6a}"
EndProject
Project("{FAE04EC0-301F-11D3-BF4B-00C04F79EFBC}") = "Svelto.Common", "Svelto.Common.csproj", "{140004fb-0da5-19e4-3ca2-47c48b23573f}"
EndProject
Project("{FAE04EC0-301F-11D3-BF4B-00C04F79EFBC}") = "Assembly-CSharp", "Assembly-CSharp.csproj", "{060cbbea-8a47-e1b2-aed9-8d475755f8ea}"
EndProject
Project("{FAE04EC0-301F-11D3-BF4B-00C04F79EFBC}") = "Unity.PerformanceTesting", "Unity.PerformanceTesting.csproj", "{df0de81e-e69f-a4d4-eba0-394119e7d0b2}"
EndProject
Project("{FAE04EC0-301F-11D3-BF4B-00C04F79EFBC}") = "GameObjectLayer", "GameObjectLayer.csproj", "{ad94bc6c-aada-c538-fae4-58c3af10bd8e}"
EndProject
Project("{FAE04EC0-301F-11D3-BF4B-00C04F79EFBC}") = "Unity.Collections.CodeGen", "Unity.Collections.CodeGen.csproj", "{bb858496-c90d-8aa5-ba09-f009bd0d17cc}"
EndProject
Project("{FAE04EC0-301F-11D3-BF4B-00C04F79EFBC}") = "Assembly-CSharp-Editor", "Assembly-CSharp-Editor.csproj", "{f4bd21f3-8f75-ae5f-b1a2-f49f48b83eaa}"
EndProject
Project("{FAE04EC0-301F-11D3-BF4B-00C04F79EFBC}") = "Unity.Collections.Editor", "Unity.Collections.Editor.csproj", "{3717462a-f8dc-169a-4dd9-4188dab64666}"
EndProject
Project("{FAE04EC0-301F-11D3-BF4B-00C04F79EFBC}") = "Svelto.ECS", "Svelto.ECS.Player.csproj", "{4093c48c-28fb-01ea-3dea-1b847a9cb0c8}"
EndProject
Project("{FAE04EC0-301F-11D3-BF4B-00C04F79EFBC}") = "Unity.Collections", "Unity.Collections.Player.csproj", "{dc6ce20c-2099-9914-1a0f-4901c28858b4}"
EndProject
Project("{FAE04EC0-301F-11D3-BF4B-00C04F79EFBC}") = "Svelto.Common", "Svelto.Common.Player.csproj", "{c8b53c31-f199-e4e7-1167-39152ec7e498}"
EndProject
Project("{FAE04EC0-301F-11D3-BF4B-00C04F79EFBC}") = "Assembly-CSharp", "Assembly-CSharp.Player.csproj", "{1525c67a-e0c8-295b-1b33-d55f23e56e3d}"
EndProject
Project("{FAE04EC0-301F-11D3-BF4B-00C04F79EFBC}") = "Unity.PerformanceTesting", "Unity.PerformanceTesting.Player.csproj", "{8ad960ef-7227-7cd9-9908-605a175d91c6}"
EndProject
Project("{FAE04EC0-301F-11D3-BF4B-00C04F79EFBC}") = "GameObjectLayer", "GameObjectLayer.Player.csproj", "{e5f5356f-fff3-6f49-42bb-9d3f67775588}"
EndProject
Project("{FAE04EC0-301F-11D3-BF4B-00C04F79EFBC}") = "Unity.Collections.DocCodeSamples", "Unity.Collections.DocCodeSamples.csproj", "{8b787eb2-1436-f80c-6315-b60ff2eefa14}"
EndProject
Project("{FAE04EC0-301F-11D3-BF4B-00C04F79EFBC}") = "Unity.Collections.PerformanceTests", "Unity.Collections.PerformanceTests.csproj", "{f3560920-371c-64e2-38ca-896a208b27a0}"
EndProject
Project("{FAE04EC0-301F-11D3-BF4B-00C04F79EFBC}") = "Unity.Collections.Tests", "Unity.Collections.Tests.csproj", "{82373700-7270-5c88-f54e-730539dda6ea}"
EndProject
Project("{FAE04EC0-301F-11D3-BF4B-00C04F79EFBC}") = "Unity.Collections.Tests.Playmode", "Unity.Collections.Tests.Playmode.csproj", "{28b6b53d-f806-124a-e335-9a7f0195bcc2}"
EndProject
Project("{FAE04EC0-301F-11D3-BF4B-00C04F79EFBC}") = "Unity.Collections.BurstCompatibilityGen", "Unity.Collections.BurstCompatibilityGen.csproj", "{5b307553-36ad-158f-ff40-8a8915b21087}"
EndProject
Global
	GlobalSection(SolutionConfigurationPlatforms) = preSolution
		Debug|Any CPU = Debug|Any CPU
	EndGlobalSection
	GlobalSection(ProjectConfigurationPlatforms) = postSolution
		{d1f5999f-25d2-17ae-008e-32112127ab70}.Debug|Any CPU.ActiveCfg = Debug|Any CPU
		{d1f5999f-25d2-17ae-008e-32112127ab70}.Debug|Any CPU.Build.0 = Debug|Any CPU
		{6654fb97-b414-106f-4a05-4b44c69a6e6a}.Debug|Any CPU.ActiveCfg = Debug|Any CPU
		{6654fb97-b414-106f-4a05-4b44c69a6e6a}.Debug|Any CPU.Build.0 = Debug|Any CPU
		{140004fb-0da5-19e4-3ca2-47c48b23573f}.Debug|Any CPU.ActiveCfg = Debug|Any CPU
		{140004fb-0da5-19e4-3ca2-47c48b23573f}.Debug|Any CPU.Build.0 = Debug|Any CPU
		{060cbbea-8a47-e1b2-aed9-8d475755f8ea}.Debug|Any CPU.ActiveCfg = Debug|Any CPU
		{060cbbea-8a47-e1b2-aed9-8d475755f8ea}.Debug|Any CPU.Build.0 = Debug|Any CPU
		{df0de81e-e69f-a4d4-eba0-394119e7d0b2}.Debug|Any CPU.ActiveCfg = Debug|Any CPU
		{df0de81e-e69f-a4d4-eba0-394119e7d0b2}.Debug|Any CPU.Build.0 = Debug|Any CPU
		{ad94bc6c-aada-c538-fae4-58c3af10bd8e}.Debug|Any CPU.ActiveCfg = Debug|Any CPU
		{ad94bc6c-aada-c538-fae4-58c3af10bd8e}.Debug|Any CPU.Build.0 = Debug|Any CPU
		{bb858496-c90d-8aa5-ba09-f009bd0d17cc}.Debug|Any CPU.ActiveCfg = Debug|Any CPU
		{bb858496-c90d-8aa5-ba09-f009bd0d17cc}.Debug|Any CPU.Build.0 = Debug|Any CPU
		{f4bd21f3-8f75-ae5f-b1a2-f49f48b83eaa}.Debug|Any CPU.ActiveCfg = Debug|Any CPU
		{f4bd21f3-8f75-ae5f-b1a2-f49f48b83eaa}.Debug|Any CPU.Build.0 = Debug|Any CPU
		{3717462a-f8dc-169a-4dd9-4188dab64666}.Debug|Any CPU.ActiveCfg = Debug|Any CPU
		{3717462a-f8dc-169a-4dd9-4188dab64666}.Debug|Any CPU.Build.0 = Debug|Any CPU
		{4093c48c-28fb-01ea-3dea-1b847a9cb0c8}.Debug|Any CPU.ActiveCfg = Debug|Any CPU
		{4093c48c-28fb-01ea-3dea-1b847a9cb0c8}.Debug|Any CPU.Build.0 = Debug|Any CPU
		{dc6ce20c-2099-9914-1a0f-4901c28858b4}.Debug|Any CPU.ActiveCfg = Debug|Any CPU
		{dc6ce20c-2099-9914-1a0f-4901c28858b4}.Debug|Any CPU.Build.0 = Debug|Any CPU
		{c8b53c31-f199-e4e7-1167-39152ec7e498}.Debug|Any CPU.ActiveCfg = Debug|Any CPU
		{c8b53c31-f199-e4e7-1167-39152ec7e498}.Debug|Any CPU.Build.0 = Debug|Any CPU
		{1525c67a-e0c8-295b-1b33-d55f23e56e3d}.Debug|Any CPU.ActiveCfg = Debug|Any CPU
		{1525c67a-e0c8-295b-1b33-d55f23e56e3d}.Debug|Any CPU.Build.0 = Debug|Any CPU
		{8ad960ef-7227-7cd9-9908-605a175d91c6}.Debug|Any CPU.ActiveCfg = Debug|Any CPU
		{8ad960ef-7227-7cd9-9908-605a175d91c6}.Debug|Any CPU.Build.0 = Debug|Any CPU
		{e5f5356f-fff3-6f49-42bb-9d3f67775588}.Debug|Any CPU.ActiveCfg = Debug|Any CPU
		{e5f5356f-fff3-6f49-42bb-9d3f67775588}.Debug|Any CPU.Build.0 = Debug|Any CPU
		{8b787eb2-1436-f80c-6315-b60ff2eefa14}.Debug|Any CPU.ActiveCfg = Debug|Any CPU
		{8b787eb2-1436-f80c-6315-b60ff2eefa14}.Debug|Any CPU.Build.0 = Debug|Any CPU
		{f3560920-371c-64e2-38ca-896a208b27a0}.Debug|Any CPU.ActiveCfg = Debug|Any CPU
		{f3560920-371c-64e2-38ca-896a208b27a0}.Debug|Any CPU.Build.0 = Debug|Any CPU
		{82373700-7270-5c88-f54e-730539dda6ea}.Debug|Any CPU.ActiveCfg = Debug|Any CPU
		{82373700-7270-5c88-f54e-730539dda6ea}.Debug|Any CPU.Build.0 = Debug|Any CPU
		{28b6b53d-f806-124a-e335-9a7f0195bcc2}.Debug|Any CPU.ActiveCfg = Debug|Any CPU
		{28b6b53d-f806-124a-e335-9a7f0195bcc2}.Debug|Any CPU.Build.0 = Debug|Any CPU
		{5b307553-36ad-158f-ff40-8a8915b21087}.Debug|Any CPU.ActiveCfg = Debug|Any CPU
		{5b307553-36ad-158f-ff40-8a8915b21087}.Debug|Any CPU.Build.0 = Debug|Any CPU
	EndGlobalSection
	GlobalSection(SolutionProperties) = preSolution
		HideSolutionNode = FALSE
	EndGlobalSection
EndGlobal
