
Microsoft Visual Studio Solution File, Format Version 11.00
# Visual Studio 2010
Project("{FAE04EC0-301F-11D3-BF4B-00C04F79EFBC}") = "Assembly-CSharp", "Assembly-CSharp.csproj", "{c74d8d05-0282-ef09-8734-24d7248395ab}"
EndProject
Project("{FAE04EC0-301F-11D3-BF4B-00C04F79EFBC}") = "Unity.Collections", "Unity.Collections.csproj", "{a9bbbde8-3e48-88d9-ec19-4529137b7ba0}"
EndProject
Project("{FAE04EC0-301F-11D3-BF4B-00C04F79EFBC}") = "Svelto.Common", "Svelto.Common.csproj", "{bfdebd48-01f6-e890-6193-caf139576fce}"
EndProject
Project("{FAE04EC0-301F-11D3-BF4B-00C04F79EFBC}") = "Svelto.ECS", "Svelto.ECS.csproj", "{2addf6e8-c4c1-a738-cca1-65d18f47de55}"
EndProject
Project("{FAE04EC0-301F-11D3-BF4B-00C04F79EFBC}") = "Unity.PerformanceTesting", "Unity.PerformanceTesting.csproj", "{979e8d29-9bc3-1bf6-1d0b-b7862ed6dd53}"
EndProject
Project("{FAE04EC0-301F-11D3-BF4B-00C04F79EFBC}") = "Unity.Collections.CodeGen", "Unity.Collections.CodeGen.csproj", "{92dd2f45-fa56-e72c-98e2-c77750e5b5cb}"
EndProject
Project("{FAE04EC0-301F-11D3-BF4B-00C04F79EFBC}") = "AkroGame.ECS.WebSocketWrapper", "AkroGame.ECS.WebSocketWrapper.csproj", "{c6c64f38-4238-0dd1-8577-4b1f35f8da5f}"
EndProject
Project("{FAE04EC0-301F-11D3-BF4B-00C04F79EFBC}") = "Unity.Collections.Editor", "Unity.Collections.Editor.csproj", "{ba25f6fc-06b0-0737-67f1-ed0670231a07}"
EndProject
Project("{FAE04EC0-301F-11D3-BF4B-00C04F79EFBC}") = "Assembly-CSharp", "Assembly-CSharp.Player.csproj", "{537be2b7-e3e5-a5b2-c0c5-836e45f97bc1}"
EndProject
Project("{FAE04EC0-301F-11D3-BF4B-00C04F79EFBC}") = "Unity.Collections", "Unity.Collections.Player.csproj", "{8fd03be7-e4e9-f645-05ba-34ae5a515ccb}"
EndProject
Project("{FAE04EC0-301F-11D3-BF4B-00C04F79EFBC}") = "Svelto.Common", "Svelto.Common.Player.csproj", "{27e65274-04a1-27a9-0fc3-350a98c56d72}"
EndProject
Project("{FAE04EC0-301F-11D3-BF4B-00C04F79EFBC}") = "Svelto.ECS", "Svelto.ECS.Player.csproj", "{ccebe040-7507-1989-b107-65807a6889a7}"
EndProject
Project("{FAE04EC0-301F-11D3-BF4B-00C04F79EFBC}") = "Unity.PerformanceTesting", "Unity.PerformanceTesting.Player.csproj", "{55da6dd4-4eaf-3aa6-1192-35669f24d253}"
EndProject
Project("{FAE04EC0-301F-11D3-BF4B-00C04F79EFBC}") = "AkroGame.ECS.WebSocketWrapper", "AkroGame.ECS.WebSocketWrapper.Player.csproj", "{e20448df-2293-3a39-c1fa-6aa45da2ade6}"
EndProject
Project("{FAE04EC0-301F-11D3-BF4B-00C04F79EFBC}") = "Unity.Collections.DocCodeSamples", "Unity.Collections.DocCodeSamples.csproj", "{528602d5-b7a7-316a-4509-900f9931c493}"
EndProject
Project("{FAE04EC0-301F-11D3-BF4B-00C04F79EFBC}") = "Unity.Collections.PerformanceTests", "Unity.Collections.PerformanceTests.csproj", "{b5ad2ca5-b129-3aff-f98e-5ec3200bed6c}"
EndProject
Project("{FAE04EC0-301F-11D3-BF4B-00C04F79EFBC}") = "Unity.Collections.Tests", "Unity.Collections.Tests.csproj", "{d6b6a400-dae0-65f9-5656-f9b4a521daba}"
EndProject
Project("{FAE04EC0-301F-11D3-BF4B-00C04F79EFBC}") = "Unity.Collections.Tests.Playmode", "Unity.Collections.Tests.Playmode.csproj", "{5111fc95-e7a9-a85a-7910-41d888de26ae}"
EndProject
Project("{FAE04EC0-301F-11D3-BF4B-00C04F79EFBC}") = "Unity.Collections.BurstCompatibilityGen", "Unity.Collections.BurstCompatibilityGen.csproj", "{de2322bc-0af3-5722-73ea-0f7f35935f54}"
EndProject
Global
	GlobalSection(SolutionConfigurationPlatforms) = preSolution
		Debug|Any CPU = Debug|Any CPU
	EndGlobalSection
	GlobalSection(ProjectConfigurationPlatforms) = postSolution
		{c74d8d05-0282-ef09-8734-24d7248395ab}.Debug|Any CPU.ActiveCfg = Debug|Any CPU
		{c74d8d05-0282-ef09-8734-24d7248395ab}.Debug|Any CPU.Build.0 = Debug|Any CPU
		{a9bbbde8-3e48-88d9-ec19-4529137b7ba0}.Debug|Any CPU.ActiveCfg = Debug|Any CPU
		{a9bbbde8-3e48-88d9-ec19-4529137b7ba0}.Debug|Any CPU.Build.0 = Debug|Any CPU
		{bfdebd48-01f6-e890-6193-caf139576fce}.Debug|Any CPU.ActiveCfg = Debug|Any CPU
		{bfdebd48-01f6-e890-6193-caf139576fce}.Debug|Any CPU.Build.0 = Debug|Any CPU
		{2addf6e8-c4c1-a738-cca1-65d18f47de55}.Debug|Any CPU.ActiveCfg = Debug|Any CPU
		{2addf6e8-c4c1-a738-cca1-65d18f47de55}.Debug|Any CPU.Build.0 = Debug|Any CPU
		{979e8d29-9bc3-1bf6-1d0b-b7862ed6dd53}.Debug|Any CPU.ActiveCfg = Debug|Any CPU
		{979e8d29-9bc3-1bf6-1d0b-b7862ed6dd53}.Debug|Any CPU.Build.0 = Debug|Any CPU
		{92dd2f45-fa56-e72c-98e2-c77750e5b5cb}.Debug|Any CPU.ActiveCfg = Debug|Any CPU
		{92dd2f45-fa56-e72c-98e2-c77750e5b5cb}.Debug|Any CPU.Build.0 = Debug|Any CPU
		{c6c64f38-4238-0dd1-8577-4b1f35f8da5f}.Debug|Any CPU.ActiveCfg = Debug|Any CPU
		{c6c64f38-4238-0dd1-8577-4b1f35f8da5f}.Debug|Any CPU.Build.0 = Debug|Any CPU
		{ba25f6fc-06b0-0737-67f1-ed0670231a07}.Debug|Any CPU.ActiveCfg = Debug|Any CPU
		{ba25f6fc-06b0-0737-67f1-ed0670231a07}.Debug|Any CPU.Build.0 = Debug|Any CPU
		{537be2b7-e3e5-a5b2-c0c5-836e45f97bc1}.Debug|Any CPU.ActiveCfg = Debug|Any CPU
		{537be2b7-e3e5-a5b2-c0c5-836e45f97bc1}.Debug|Any CPU.Build.0 = Debug|Any CPU
		{8fd03be7-e4e9-f645-05ba-34ae5a515ccb}.Debug|Any CPU.ActiveCfg = Debug|Any CPU
		{8fd03be7-e4e9-f645-05ba-34ae5a515ccb}.Debug|Any CPU.Build.0 = Debug|Any CPU
		{27e65274-04a1-27a9-0fc3-350a98c56d72}.Debug|Any CPU.ActiveCfg = Debug|Any CPU
		{27e65274-04a1-27a9-0fc3-350a98c56d72}.Debug|Any CPU.Build.0 = Debug|Any CPU
		{ccebe040-7507-1989-b107-65807a6889a7}.Debug|Any CPU.ActiveCfg = Debug|Any CPU
		{ccebe040-7507-1989-b107-65807a6889a7}.Debug|Any CPU.Build.0 = Debug|Any CPU
		{55da6dd4-4eaf-3aa6-1192-35669f24d253}.Debug|Any CPU.ActiveCfg = Debug|Any CPU
		{55da6dd4-4eaf-3aa6-1192-35669f24d253}.Debug|Any CPU.Build.0 = Debug|Any CPU
		{e20448df-2293-3a39-c1fa-6aa45da2ade6}.Debug|Any CPU.ActiveCfg = Debug|Any CPU
		{e20448df-2293-3a39-c1fa-6aa45da2ade6}.Debug|Any CPU.Build.0 = Debug|Any CPU
		{528602d5-b7a7-316a-4509-900f9931c493}.Debug|Any CPU.ActiveCfg = Debug|Any CPU
		{528602d5-b7a7-316a-4509-900f9931c493}.Debug|Any CPU.Build.0 = Debug|Any CPU
		{b5ad2ca5-b129-3aff-f98e-5ec3200bed6c}.Debug|Any CPU.ActiveCfg = Debug|Any CPU
		{b5ad2ca5-b129-3aff-f98e-5ec3200bed6c}.Debug|Any CPU.Build.0 = Debug|Any CPU
		{d6b6a400-dae0-65f9-5656-f9b4a521daba}.Debug|Any CPU.ActiveCfg = Debug|Any CPU
		{d6b6a400-dae0-65f9-5656-f9b4a521daba}.Debug|Any CPU.Build.0 = Debug|Any CPU
		{5111fc95-e7a9-a85a-7910-41d888de26ae}.Debug|Any CPU.ActiveCfg = Debug|Any CPU
		{5111fc95-e7a9-a85a-7910-41d888de26ae}.Debug|Any CPU.Build.0 = Debug|Any CPU
		{de2322bc-0af3-5722-73ea-0f7f35935f54}.Debug|Any CPU.ActiveCfg = Debug|Any CPU
		{de2322bc-0af3-5722-73ea-0f7f35935f54}.Debug|Any CPU.Build.0 = Debug|Any CPU
	EndGlobalSection
	GlobalSection(SolutionProperties) = preSolution
		HideSolutionNode = FALSE
	EndGlobalSection
EndGlobal
