
Microsoft Visual Studio Solution File, Format Version 11.00
# Visual Studio 2010
Project("{FAE04EC0-301F-11D3-BF4B-00C04F79EFBC}") = "Svelto.Common", "Svelto.Common.csproj", "{0c7f8a75-109c-9962-5f1c-6194f043216a}"
EndProject
Project("{FAE04EC0-301F-11D3-BF4B-00C04F79EFBC}") = "Svelto.ECS", "Svelto.ECS.csproj", "{eecb381d-d537-8d9b-253a-f1a108e3b14d}"
EndProject
Project("{FAE04EC0-301F-11D3-BF4B-00C04F79EFBC}") = "OOPLayerPackage", "OOPLayerPackage.csproj", "{03d58cc9-de2c-a6be-8082-9fee783f1c4e}"
EndProject
Project("{FAE04EC0-301F-11D3-BF4B-00C04F79EFBC}") = "WithOOPLayer", "WithOOPLayer.csproj", "{5908a6a8-17d0-ad27-c868-3f36444a4298}"
EndProject
Project("{FAE04EC0-301F-11D3-BF4B-00C04F79EFBC}") = "WithEntityViewComponent", "WithEntityViewComponent.csproj", "{511bb390-f53b-fb33-de33-6e6a0383b051}"
EndProject
Project("{FAE04EC0-301F-11D3-BF4B-00C04F79EFBC}") = "Assembly-CSharp", "Assembly-CSharp.csproj", "{c91a12a7-4339-76fa-bd4d-8f72dce1575b}"
EndProject
Project("{FAE04EC0-301F-11D3-BF4B-00C04F79EFBC}") = "Svelto.Pool.Debugger", "Svelto.Pool.Debugger.csproj", "{dcb8f6e9-cccb-8501-3faf-7eb0229b9849}"
EndProject
Global
	GlobalSection(SolutionConfigurationPlatforms) = preSolution
		Debug|Any CPU = Debug|Any CPU
	EndGlobalSection
	GlobalSection(ProjectConfigurationPlatforms) = postSolution
		{0c7f8a75-109c-9962-5f1c-6194f043216a}.Debug|Any CPU.ActiveCfg = Debug|Any CPU
		{0c7f8a75-109c-9962-5f1c-6194f043216a}.Debug|Any CPU.Build.0 = Debug|Any CPU
		{eecb381d-d537-8d9b-253a-f1a108e3b14d}.Debug|Any CPU.ActiveCfg = Debug|Any CPU
		{eecb381d-d537-8d9b-253a-f1a108e3b14d}.Debug|Any CPU.Build.0 = Debug|Any CPU
		{03d58cc9-de2c-a6be-8082-9fee783f1c4e}.Debug|Any CPU.ActiveCfg = Debug|Any CPU
		{03d58cc9-de2c-a6be-8082-9fee783f1c4e}.Debug|Any CPU.Build.0 = Debug|Any CPU
		{5908a6a8-17d0-ad27-c868-3f36444a4298}.Debug|Any CPU.ActiveCfg = Debug|Any CPU
		{5908a6a8-17d0-ad27-c868-3f36444a4298}.Debug|Any CPU.Build.0 = Debug|Any CPU
		{511bb390-f53b-fb33-de33-6e6a0383b051}.Debug|Any CPU.ActiveCfg = Debug|Any CPU
		{511bb390-f53b-fb33-de33-6e6a0383b051}.Debug|Any CPU.Build.0 = Debug|Any CPU
		{c91a12a7-4339-76fa-bd4d-8f72dce1575b}.Debug|Any CPU.ActiveCfg = Debug|Any CPU
		{c91a12a7-4339-76fa-bd4d-8f72dce1575b}.Debug|Any CPU.Build.0 = Debug|Any CPU
		{dcb8f6e9-cccb-8501-3faf-7eb0229b9849}.Debug|Any CPU.ActiveCfg = Debug|Any CPU
		{dcb8f6e9-cccb-8501-3faf-7eb0229b9849}.Debug|Any CPU.Build.0 = Debug|Any CPU
	EndGlobalSection
	GlobalSection(SolutionProperties) = preSolution
		HideSolutionNode = FALSE
	EndGlobalSection
EndGlobal
