Microsoft Visual Studio Solution File, Format Version 11.00
# Visual Studio 2010
Project("{FAE04EC0-301F-11D3-BF4B-00C04F79EFBC}") = "Svelto.Tasks", "Svelto.Tasks.csproj", "{36E89973-A5E7-6ABD-516B-34CFDF418E4A}"
EndProject
Project("{FAE04EC0-301F-11D3-BF4B-00C04F79EFBC}") = "Svelto.Common", "Svelto.Common.csproj", "{C0DDE63F-7D34-2943-E796-37BF88691C3B}"
EndProject
Project("{FAE04EC0-301F-11D3-BF4B-00C04F79EFBC}") = "Svelto.ECS", "Svelto.ECS.csproj", "{BC19E0B4-CF85-7EC1-8161-1C9F674C16DD}"
EndProject
Project("{FAE04EC0-301F-11D3-BF4B-00C04F79EFBC}") = "Assembly-CSharp", "Assembly-CSharp.csproj", "{494081BD-29DD-E5DD-422F-A82D8B02AAE1}"
EndProject
Project("{FAE04EC0-301F-11D3-BF4B-00C04F79EFBC}") = "Svelto.Tasks.StopEditorThread", "Svelto.Tasks.StopEditorThread.csproj", "{12363619-9D4D-5287-77CF-DE8EE66727AF}"
EndProject
Project("{FAE04EC0-301F-11D3-BF4B-00C04F79EFBC}") = "Svelto.Pool.Debugger", "Svelto.Pool.Debugger.csproj", "{06000123-FDC9-4200-F577-4076FA692DC2}"
EndProject
Global
	GlobalSection(SolutionConfigurationPlatforms) = preSolution
		Debug|Any CPU = Debug|Any CPU
		Release|Any CPU = Release|Any CPU
	EndGlobalSection
	GlobalSection(ProjectConfigurationPlatforms) = postSolution
		{36E89973-A5E7-6ABD-516B-34CFDF418E4A}.Debug|Any CPU.ActiveCfg = Debug|Any CPU
		{36E89973-A5E7-6ABD-516B-34CFDF418E4A}.Debug|Any CPU.Build.0 = Debug|Any CPU
		{36E89973-A5E7-6ABD-516B-34CFDF418E4A}.Release|Any CPU.ActiveCfg = Release|Any CPU
		{36E89973-A5E7-6ABD-516B-34CFDF418E4A}.Release|Any CPU.Build.0 = Release|Any CPU
		{C0DDE63F-7D34-2943-E796-37BF88691C3B}.Debug|Any CPU.ActiveCfg = Debug|Any CPU
		{C0DDE63F-7D34-2943-E796-37BF88691C3B}.Debug|Any CPU.Build.0 = Debug|Any CPU
		{C0DDE63F-7D34-2943-E796-37BF88691C3B}.Release|Any CPU.ActiveCfg = Release|Any CPU
		{C0DDE63F-7D34-2943-E796-37BF88691C3B}.Release|Any CPU.Build.0 = Release|Any CPU
		{BC19E0B4-CF85-7EC1-8161-1C9F674C16DD}.Debug|Any CPU.ActiveCfg = Debug|Any CPU
		{BC19E0B4-CF85-7EC1-8161-1C9F674C16DD}.Debug|Any CPU.Build.0 = Debug|Any CPU
		{BC19E0B4-CF85-7EC1-8161-1C9F674C16DD}.Release|Any CPU.ActiveCfg = Release|Any CPU
		{BC19E0B4-CF85-7EC1-8161-1C9F674C16DD}.Release|Any CPU.Build.0 = Release|Any CPU
		{494081BD-29DD-E5DD-422F-A82D8B02AAE1}.Debug|Any CPU.ActiveCfg = Debug|Any CPU
		{494081BD-29DD-E5DD-422F-A82D8B02AAE1}.Debug|Any CPU.Build.0 = Debug|Any CPU
		{494081BD-29DD-E5DD-422F-A82D8B02AAE1}.Release|Any CPU.ActiveCfg = Release|Any CPU
		{494081BD-29DD-E5DD-422F-A82D8B02AAE1}.Release|Any CPU.Build.0 = Release|Any CPU
		{12363619-9D4D-5287-77CF-DE8EE66727AF}.Debug|Any CPU.ActiveCfg = Debug|Any CPU
		{12363619-9D4D-5287-77CF-DE8EE66727AF}.Debug|Any CPU.Build.0 = Debug|Any CPU
		{12363619-9D4D-5287-77CF-DE8EE66727AF}.Release|Any CPU.ActiveCfg = Release|Any CPU
		{12363619-9D4D-5287-77CF-DE8EE66727AF}.Release|Any CPU.Build.0 = Release|Any CPU
		{06000123-FDC9-4200-F577-4076FA692DC2}.Debug|Any CPU.ActiveCfg = Debug|Any CPU
		{06000123-FDC9-4200-F577-4076FA692DC2}.Debug|Any CPU.Build.0 = Debug|Any CPU
		{06000123-FDC9-4200-F577-4076FA692DC2}.Release|Any CPU.ActiveCfg = Release|Any CPU
		{06000123-FDC9-4200-F577-4076FA692DC2}.Release|Any CPU.Build.0 = Release|Any CPU
	EndGlobalSection
	GlobalSection(SolutionProperties) = preSolution
		HideSolutionNode = FALSE
	EndGlobalSection
EndGlobal
