
Microsoft Visual Studio Solution File, Format Version 12.00
# Visual Studio Version 16
VisualStudioVersion = 16.0.0.0
MinimumVisualStudioVersion = 16.0.0.0
Project("{9A19103F-16F7-4668-BE54-9A1E7A4F7556}") = "StrideTransformationInstancing.Windows", "StrideTransformationInstancing.Windows\StrideTransformationInstancing.Windows.csproj", "{8128D3DA-729C-487D-B36E-DA1ABD3DB80F}"
EndProject
Project("{9A19103F-16F7-4668-BE54-9A1E7A4F7556}") = "StrideTransformationInstancing", "StrideTransformationInstancing\StrideTransformationInstancing.csproj", "{6F173CAB-4EFA-41F6-BCE5-0AF64A903E25}"
EndProject
Global
	GlobalSection(SolutionConfigurationPlatforms) = preSolution
		Debug|Any CPU = Debug|Any CPU
		Release|Any CPU = Release|Any CPU
	EndGlobalSection
	GlobalSection(ProjectConfigurationPlatforms) = postSolution
		{8128D3DA-729C-487D-B36E-DA1ABD3DB80F}.Debug|Any CPU.ActiveCfg = Debug|Any CPU
		{8128D3DA-729C-487D-B36E-DA1ABD3DB80F}.Debug|Any CPU.Build.0 = Debug|Any CPU
		{8128D3DA-729C-487D-B36E-DA1ABD3DB80F}.Release|Any CPU.ActiveCfg = Release|Any CPU
		{8128D3DA-729C-487D-B36E-DA1ABD3DB80F}.Release|Any CPU.Build.0 = Release|Any CPU
		{6F173CAB-4EFA-41F6-BCE5-0AF64A903E25}.Debug|Any CPU.ActiveCfg = Debug|Any CPU
		{6F173CAB-4EFA-41F6-BCE5-0AF64A903E25}.Debug|Any CPU.Build.0 = Debug|Any CPU
		{6F173CAB-4EFA-41F6-BCE5-0AF64A903E25}.Release|Any CPU.ActiveCfg = Release|Any CPU
		{6F173CAB-4EFA-41F6-BCE5-0AF64A903E25}.Release|Any CPU.Build.0 = Release|Any CPU
	EndGlobalSection
	GlobalSection(SolutionProperties) = preSolution
		HideSolutionNode = FALSE
	EndGlobalSection
	GlobalSection(ExtensibilityGlobals) = postSolution
		SolutionGuid = {0AC7F36F-54A5-41DF-A3C1-812D5490DCB8}
	EndGlobalSection
EndGlobal
