
Microsoft Visual Studio Solution File, Format Version 11.00
# Visual Studio 2010
Project("{FAE04EC0-301F-11D3-BF4B-00C04F79EFBC}") = "Unity.Timeline", "Unity.Timeline.csproj", "{2341d45c-ccf4-b1c0-791b-90637810065a}"
EndProject
Project("{FAE04EC0-301F-11D3-BF4B-00C04F79EFBC}") = "UnityEngine.Advertisements.Editor", "UnityEngine.Advertisements.Editor.csproj", "{66e8ccf3-895f-d47f-5757-3c7f18fcee6e}"
EndProject
Project("{FAE04EC0-301F-11D3-BF4B-00C04F79EFBC}") = "Assembly-CSharp", "Assembly-CSharp.csproj", "{3f2b48b7-3699-39c3-a838-8c11ca4b1129}"
EndProject
Project("{FAE04EC0-301F-11D3-BF4B-00C04F79EFBC}") = "Unity.Services.Core.Internal", "Unity.Services.Core.Internal.csproj", "{77ea7bae-c306-22fd-11af-43081c638a7d}"
EndProject
Project("{FAE04EC0-301F-11D3-BF4B-00C04F79EFBC}") = "Unity.ShaderGraph.Editor", "Unity.ShaderGraph.Editor.csproj", "{51678c68-e797-b91b-d674-7d68d45dd542}"
EndProject
Project("{FAE04EC0-301F-11D3-BF4B-00C04F79EFBC}") = "Unity.PlasticSCM.Editor", "Unity.PlasticSCM.Editor.csproj", "{9e6bfac9-5577-1e62-3692-94d5408246af}"
EndProject
Project("{FAE04EC0-301F-11D3-BF4B-00C04F79EFBC}") = "Unity.RenderPipelines.Core.Runtime", "Unity.RenderPipelines.Core.Runtime.csproj", "{b6d4bc4b-f2de-8c55-b195-a9ad3311224f}"
EndProject
Project("{FAE04EC0-301F-11D3-BF4B-00C04F79EFBC}") = "Unity.Mathematics", "Unity.Mathematics.csproj", "{88773804-404f-9af9-ee63-b5c612621643}"
EndProject
Project("{FAE04EC0-301F-11D3-BF4B-00C04F79EFBC}") = "Unity.Timeline.Editor", "Unity.Timeline.Editor.csproj", "{627b2a2f-4432-bb3f-c98a-495d329b6b51}"
EndProject
Project("{FAE04EC0-301F-11D3-BF4B-00C04F79EFBC}") = "Unity.RenderPipelines.Core.Editor", "Unity.RenderPipelines.Core.Editor.csproj", "{c3de42d0-7f79-03ea-cdc2-0f12f0a3f659}"
EndProject
Project("{FAE04EC0-301F-11D3-BF4B-00C04F79EFBC}") = "Unity.Collections", "Unity.Collections.csproj", "{dff2f1d4-9272-133f-fb1e-98b16b77df6a}"
EndProject
Project("{FAE04EC0-301F-11D3-BF4B-00C04F79EFBC}") = "UnityEngine.Advertisements", "UnityEngine.Advertisements.csproj", "{b45bed1a-c6bc-e109-8182-7f8aabb85973}"
EndProject
Project("{FAE04EC0-301F-11D3-BF4B-00C04F79EFBC}") = "UnityEngine.Purchasing.Stores", "UnityEngine.Purchasing.Stores.csproj", "{b5148324-6cc7-2d08-d133-4acb7ebb7ead}"
EndProject
Project("{FAE04EC0-301F-11D3-BF4B-00C04F79EFBC}") = "Unity.RenderPipelines.Universal.2D.Runtime", "Unity.RenderPipelines.Universal.2D.Runtime.csproj", "{42b3f39c-0cdf-fe99-7096-24cd796a2c31}"
EndProject
Project("{FAE04EC0-301F-11D3-BF4B-00C04F79EFBC}") = "Unity.VisualScripting.Core.Editor", "Unity.VisualScripting.Core.Editor.csproj", "{0e8fb534-0b46-1983-9006-d73d73e8962d}"
EndProject
Project("{FAE04EC0-301F-11D3-BF4B-00C04F79EFBC}") = "Unity.RenderPipelines.Universal.Editor", "Unity.RenderPipelines.Universal.Editor.csproj", "{fccfe40a-5e2d-56a7-df18-d7acca0fc4f6}"
EndProject
Project("{FAE04EC0-301F-11D3-BF4B-00C04F79EFBC}") = "Unity.TextMeshPro.Editor", "Unity.TextMeshPro.Editor.csproj", "{052ef6a0-edb1-c7eb-b06d-66b4c4e988c3}"
EndProject
Project("{FAE04EC0-301F-11D3-BF4B-00C04F79EFBC}") = "UnityEngine.TestRunner", "UnityEngine.TestRunner.csproj", "{3acfe615-e496-99a2-8561-b218e266a732}"
EndProject
Project("{FAE04EC0-301F-11D3-BF4B-00C04F79EFBC}") = "SimpleWebTransport", "SimpleWebTransport.csproj", "{d4749eca-e3e2-5a99-7e1d-41a62a5f46bb}"
EndProject
Project("{FAE04EC0-301F-11D3-BF4B-00C04F79EFBC}") = "Unity.2D.Tilemap.Editor", "Unity.2D.Tilemap.Editor.csproj", "{9b7216da-63a4-7988-0c6b-33f0c5d8bb2d}"
EndProject
Project("{FAE04EC0-301F-11D3-BF4B-00C04F79EFBC}") = "Unity.Burst", "Unity.Burst.csproj", "{190892ef-f628-bf22-661d-f6d2a783ecae}"
EndProject
Project("{FAE04EC0-301F-11D3-BF4B-00C04F79EFBC}") = "Unity.Services.Core.Environments.Editor", "Unity.Services.Core.Environments.Editor.csproj", "{aab1e228-1630-a814-e0eb-433505dba5f8}"
EndProject
Project("{FAE04EC0-301F-11D3-BF4B-00C04F79EFBC}") = "Unity.VisualScripting.Flow.Editor", "Unity.VisualScripting.Flow.Editor.csproj", "{913cf9ee-447d-f3c9-61e8-e097761a047c}"
EndProject
Project("{FAE04EC0-301F-11D3-BF4B-00C04F79EFBC}") = "Unity.VisualStudio.Editor", "Unity.VisualStudio.Editor.csproj", "{25cb98e2-105c-cb51-901c-128f4fd0a5ef}"
EndProject
Project("{FAE04EC0-301F-11D3-BF4B-00C04F79EFBC}") = "PPv2URPConverters", "PPv2URPConverters.csproj", "{237e762a-ba82-a2dc-d4fa-63c29ca953b4}"
EndProject
Project("{FAE04EC0-301F-11D3-BF4B-00C04F79EFBC}") = "Unity.Searcher.Editor", "Unity.Searcher.Editor.csproj", "{663d3b42-e419-45b2-a105-53ec6d2b8c54}"
EndProject
Project("{FAE04EC0-301F-11D3-BF4B-00C04F79EFBC}") = "Unity.Services.Core.Telemetry", "Unity.Services.Core.Telemetry.csproj", "{5ab4f562-272e-1244-5eda-6f936cf7200c}"
EndProject
Project("{FAE04EC0-301F-11D3-BF4B-00C04F79EFBC}") = "Unity.VisualScripting.Core", "Unity.VisualScripting.Core.csproj", "{972825be-ab1e-a1d7-7ffb-1d72b198d0e9}"
EndProject
Project("{FAE04EC0-301F-11D3-BF4B-00C04F79EFBC}") = "Unity.RenderPipelines.Universal.Runtime", "Unity.RenderPipelines.Universal.Runtime.csproj", "{74a3b253-f8c6-bbea-baf6-0e5acedf96cf}"
EndProject
Project("{FAE04EC0-301F-11D3-BF4B-00C04F79EFBC}") = "UnityEditor.TestRunner", "UnityEditor.TestRunner.csproj", "{e1f29795-4e9e-b78e-ca52-df761bd98098}"
EndProject
Project("{FAE04EC0-301F-11D3-BF4B-00C04F79EFBC}") = "Unity.AI.Navigation.Editor.ConversionSystem", "Unity.AI.Navigation.Editor.ConversionSystem.csproj", "{8e084390-e1e2-67d5-f293-409b24afb956}"
EndProject
Project("{FAE04EC0-301F-11D3-BF4B-00C04F79EFBC}") = "Unity.VisualScripting.State.Editor", "Unity.VisualScripting.State.Editor.csproj", "{45fdd309-1b39-5cef-8caa-1d0821f7771d}"
EndProject
Project("{FAE04EC0-301F-11D3-BF4B-00C04F79EFBC}") = "UnityEngine.Purchasing", "UnityEngine.Purchasing.csproj", "{6265df93-78d4-8606-63e7-6379c409b97f}"
EndProject
Project("{FAE04EC0-301F-11D3-BF4B-00C04F79EFBC}") = "UnityEngine.UI", "UnityEngine.UI.csproj", "{f2da72c8-49cc-8fe7-c885-d5d475972f01}"
EndProject
Project("{FAE04EC0-301F-11D3-BF4B-00C04F79EFBC}") = "Unity.Services.Core.Editor", "Unity.Services.Core.Editor.csproj", "{7a61a153-8631-4932-fd0c-347a3afc42ee}"
EndProject
Project("{FAE04EC0-301F-11D3-BF4B-00C04F79EFBC}") = "Unity.Burst.CodeGen", "Unity.Burst.CodeGen.csproj", "{303ec7d2-c28d-7f78-f550-b73613ed9631}"
EndProject
Project("{FAE04EC0-301F-11D3-BF4B-00C04F79EFBC}") = "Unity.Services.Core", "Unity.Services.Core.csproj", "{3a7af6ec-9e5d-446f-43b8-361e185061db}"
EndProject
Project("{FAE04EC0-301F-11D3-BF4B-00C04F79EFBC}") = "Svelto.ECS", "Svelto.ECS.csproj", "{4794cf5a-dd32-4956-bf11-d09e3178ef48}"
EndProject
Project("{FAE04EC0-301F-11D3-BF4B-00C04F79EFBC}") = "Unity.VisualScripting.Flow", "Unity.VisualScripting.Flow.csproj", "{b57c3d3d-61a5-8adf-5127-dd58c515bc0b}"
EndProject
Project("{FAE04EC0-301F-11D3-BF4B-00C04F79EFBC}") = "Unity.TextMeshPro", "Unity.TextMeshPro.csproj", "{f99c6a02-71f9-f595-29d2-580ae7cdf0b3}"
EndProject
Project("{FAE04EC0-301F-11D3-BF4B-00C04F79EFBC}") = "UnityEditor.Purchasing", "UnityEditor.Purchasing.csproj", "{10779627-bad1-7808-e048-e36f12e338a6}"
EndProject
Project("{FAE04EC0-301F-11D3-BF4B-00C04F79EFBC}") = "Unity.Services.Analytics.Editor", "Unity.Services.Analytics.Editor.csproj", "{f55dfded-f160-ab8f-f636-1bed9569b44f}"
EndProject
Project("{FAE04EC0-301F-11D3-BF4B-00C04F79EFBC}") = "UnityEditor.UI", "UnityEditor.UI.csproj", "{b5149c1f-cb78-a3fd-5849-05eda91debdf}"
EndProject
Project("{FAE04EC0-301F-11D3-BF4B-00C04F79EFBC}") = "Unity.Burst.Editor", "Unity.Burst.Editor.csproj", "{2f67ebe6-25bc-d07b-5451-0d2361f5784c}"
EndProject
Project("{FAE04EC0-301F-11D3-BF4B-00C04F79EFBC}") = "Tayx.Graphy", "Tayx.Graphy.csproj", "{0f6185e8-537b-4997-0caf-53af0551b3ba}"
EndProject
Project("{FAE04EC0-301F-11D3-BF4B-00C04F79EFBC}") = "Svelto.Common", "Svelto.Common.csproj", "{a444c1f9-c83f-02b7-fed8-0e86c66909da}"
EndProject
Project("{FAE04EC0-301F-11D3-BF4B-00C04F79EFBC}") = "Unity.Rider.Editor", "Unity.Rider.Editor.csproj", "{1c79478c-4369-437b-545e-d203a4944d51}"
EndProject
Project("{FAE04EC0-301F-11D3-BF4B-00C04F79EFBC}") = "Unity.VisualScripting.State", "Unity.VisualScripting.State.csproj", "{897b832e-33e3-0797-1dc8-34b87cb34654}"
EndProject
Project("{FAE04EC0-301F-11D3-BF4B-00C04F79EFBC}") = "UnityEngine.Purchasing.AppleMacosStub", "UnityEngine.Purchasing.AppleMacosStub.csproj", "{21bb5c5a-8b9c-e20e-9d11-e310ae98ee34}"
EndProject
Project("{FAE04EC0-301F-11D3-BF4B-00C04F79EFBC}") = "Unity.AI.Navigation.Updater", "Unity.AI.Navigation.Updater.csproj", "{59d5b8df-a7e6-f8bc-7181-c0ab5d67095d}"
EndProject
Project("{FAE04EC0-301F-11D3-BF4B-00C04F79EFBC}") = "UnityEngine.Purchasing.Codeless", "UnityEngine.Purchasing.Codeless.csproj", "{e57c0b2b-d1f3-f6e1-0f94-c241f66a7016}"
EndProject
Project("{FAE04EC0-301F-11D3-BF4B-00C04F79EFBC}") = "Unity.Services.Analytics", "Unity.Services.Analytics.csproj", "{0daff48b-9217-d7ae-ae82-689f2e135313}"
EndProject
Project("{FAE04EC0-301F-11D3-BF4B-00C04F79EFBC}") = "Unity.Analytics.DataPrivacy", "Unity.Analytics.DataPrivacy.csproj", "{a39fe3c4-4719-22bf-00a6-15f99352a7a1}"
EndProject
Project("{FAE04EC0-301F-11D3-BF4B-00C04F79EFBC}") = "Unity.AI.Navigation.Editor", "Unity.AI.Navigation.Editor.csproj", "{85050150-3177-b5d6-a18c-edbf5d6db8d2}"
EndProject
Project("{FAE04EC0-301F-11D3-BF4B-00C04F79EFBC}") = "Unity.2D.Sprite.Editor", "Unity.2D.Sprite.Editor.csproj", "{f8b37699-fa59-49ed-60f7-9cdeab34ae31}"
EndProject
Project("{FAE04EC0-301F-11D3-BF4B-00C04F79EFBC}") = "UnityEngine.Advertisements.DevX.Editor", "UnityEngine.Advertisements.DevX.Editor.csproj", "{0ef309b1-51bd-da5a-252e-8bdb7347f256}"
EndProject
Project("{FAE04EC0-301F-11D3-BF4B-00C04F79EFBC}") = "Unity.Services.Core.Configuration.Editor", "Unity.Services.Core.Configuration.Editor.csproj", "{f35d6f26-a44e-ccfe-07fe-0aa0b2907eac}"
EndProject
Project("{FAE04EC0-301F-11D3-BF4B-00C04F79EFBC}") = "Unity.Services.Core.Configuration", "Unity.Services.Core.Configuration.csproj", "{47fd0974-96dc-b66a-bb57-03e3236fa7ec}"
EndProject
Project("{FAE04EC0-301F-11D3-BF4B-00C04F79EFBC}") = "Unity.Services.Core.Environments.Internal", "Unity.Services.Core.Environments.Internal.csproj", "{405485b1-5e1a-b994-7783-f9a406fa8f65}"
EndProject
Project("{FAE04EC0-301F-11D3-BF4B-00C04F79EFBC}") = "Unity.Services.Core.Scheduler", "Unity.Services.Core.Scheduler.csproj", "{8ade78be-618b-efc6-9481-5e4bce51088b}"
EndProject
Project("{FAE04EC0-301F-11D3-BF4B-00C04F79EFBC}") = "Unity.AI.Navigation", "Unity.AI.Navigation.csproj", "{4b210f43-11d3-57f6-1c8c-e81454c22341}"
EndProject
Project("{FAE04EC0-301F-11D3-BF4B-00C04F79EFBC}") = "UnityEngine.Purchasing.SecurityCore", "UnityEngine.Purchasing.SecurityCore.csproj", "{87a6be10-3249-361b-1bde-1dbc20b1536a}"
EndProject
Project("{FAE04EC0-301F-11D3-BF4B-00C04F79EFBC}") = "Unity.Collections.CodeGen", "Unity.Collections.CodeGen.csproj", "{61a39dfa-4405-90d8-2309-8a14b517ae26}"
EndProject
Project("{FAE04EC0-301F-11D3-BF4B-00C04F79EFBC}") = "Unity.Mathematics.Editor", "Unity.Mathematics.Editor.csproj", "{1d6f8e93-16f8-04d4-7eb6-2e2aeb6eef0a}"
EndProject
Project("{FAE04EC0-301F-11D3-BF4B-00C04F79EFBC}") = "Unity.VisualScripting.SettingsProvider.Editor", "Unity.VisualScripting.SettingsProvider.Editor.csproj", "{296aa5e2-76fe-2ebf-bcdf-caf6e3412e4e}"
EndProject
Project("{FAE04EC0-301F-11D3-BF4B-00C04F79EFBC}") = "UnityEditor.SpatialTracking", "UnityEditor.SpatialTracking.csproj", "{93380f08-deaf-9cde-da64-9c3c297ed778}"
EndProject
Project("{FAE04EC0-301F-11D3-BF4B-00C04F79EFBC}") = "Purchasing.Common", "Purchasing.Common.csproj", "{3c3cf975-e8c5-c0a1-36ba-58d5b36d7eb1}"
EndProject
Project("{FAE04EC0-301F-11D3-BF4B-00C04F79EFBC}") = "AkroGame.ECS.WebSocketWrapper", "AkroGame.ECS.WebSocketWrapper.csproj", "{fed6d6a8-586e-2c07-6dc0-4080e43f25b6}"
EndProject
Project("{FAE04EC0-301F-11D3-BF4B-00C04F79EFBC}") = "Assembly-CSharp-Editor", "Assembly-CSharp-Editor.csproj", "{66b40c2b-4c50-87cb-babd-4b05e098b0a9}"
EndProject
Project("{FAE04EC0-301F-11D3-BF4B-00C04F79EFBC}") = "Unity.Services.Core.Threading", "Unity.Services.Core.Threading.csproj", "{17ff32f8-7ba2-74e5-da26-2ecb08d90d22}"
EndProject
Project("{FAE04EC0-301F-11D3-BF4B-00C04F79EFBC}") = "UnityEditor.XR.LegacyInputHelpers", "UnityEditor.XR.LegacyInputHelpers.csproj", "{b0ff2b3c-5524-c810-525c-d1d28d3f74e6}"
EndProject
Project("{FAE04EC0-301F-11D3-BF4B-00C04F79EFBC}") = "Unity.ShaderGraph.Utilities", "Unity.ShaderGraph.Utilities.csproj", "{1b76bb02-66d7-0c79-5e75-d487b22f1232}"
EndProject
Project("{FAE04EC0-301F-11D3-BF4B-00C04F79EFBC}") = "Unity.VisualScripting.Shared.Editor", "Unity.VisualScripting.Shared.Editor.csproj", "{f01f6326-3317-1cb3-fec8-f28c6feb9696}"
EndProject
Project("{FAE04EC0-301F-11D3-BF4B-00C04F79EFBC}") = "Tayx.Graphy.Editor", "Tayx.Graphy.Editor.csproj", "{5cd195f9-b983-c07c-7a51-00fc75f0e6c5}"
EndProject
Project("{FAE04EC0-301F-11D3-BF4B-00C04F79EFBC}") = "Unity.Services.Core.Device", "Unity.Services.Core.Device.csproj", "{04997d4f-a837-0526-0d61-198e38294b73}"
EndProject
Project("{FAE04EC0-301F-11D3-BF4B-00C04F79EFBC}") = "Unity.Services.Core.Analytics", "Unity.Services.Core.Analytics.csproj", "{2f012052-4fc6-7999-9095-e23f4bacc648}"
EndProject
Project("{FAE04EC0-301F-11D3-BF4B-00C04F79EFBC}") = "UnityEngine.Purchasing.AppleStub", "UnityEngine.Purchasing.AppleStub.csproj", "{7218948e-6052-a051-f9f2-b71cbf7840af}"
EndProject
Project("{FAE04EC0-301F-11D3-BF4B-00C04F79EFBC}") = "UnityEngine.Purchasing.AppleCore", "UnityEngine.Purchasing.AppleCore.csproj", "{5cdf6723-d395-96c4-be69-8d38a95c5ceb}"
EndProject
Project("{FAE04EC0-301F-11D3-BF4B-00C04F79EFBC}") = "Unity.Collections.DocCodeSamples", "Unity.Collections.DocCodeSamples.csproj", "{ef9b373b-eeaa-30e8-3f54-f1026b92a938}"
EndProject
Project("{FAE04EC0-301F-11D3-BF4B-00C04F79EFBC}") = "UnityEngine.Purchasing.SecurityStub", "UnityEngine.Purchasing.SecurityStub.csproj", "{f6c67398-3c88-6395-98d6-d0d83e52adea}"
EndProject
Project("{FAE04EC0-301F-11D3-BF4B-00C04F79EFBC}") = "Unity.RenderPipeline.Universal.ShaderLibrary", "Unity.RenderPipeline.Universal.ShaderLibrary.csproj", "{d9212d4c-d7a6-70c0-6af1-2ba7e8820c33}"
EndProject
Project("{FAE04EC0-301F-11D3-BF4B-00C04F79EFBC}") = "UnityEngine.Purchasing.WinRTStub", "UnityEngine.Purchasing.WinRTStub.csproj", "{61ffda37-b3b3-5b60-cddd-249be6feb77a}"
EndProject
Project("{FAE04EC0-301F-11D3-BF4B-00C04F79EFBC}") = "UnityEngine.SpatialTracking", "UnityEngine.SpatialTracking.csproj", "{76fb23b9-832f-2760-642e-dcde91d8513c}"
EndProject
Project("{FAE04EC0-301F-11D3-BF4B-00C04F79EFBC}") = "Unity.Services.Core.Registration", "Unity.Services.Core.Registration.csproj", "{19145524-1835-3ec9-ce01-82a7d4893938}"
EndProject
Project("{FAE04EC0-301F-11D3-BF4B-00C04F79EFBC}") = "UnityEngine.Purchasing.WinRTCore", "UnityEngine.Purchasing.WinRTCore.csproj", "{3d38c8ae-e712-6070-9860-1f044a4f27fa}"
EndProject
Project("{FAE04EC0-301F-11D3-BF4B-00C04F79EFBC}") = "UnityEngine.XR.LegacyInputHelpers", "UnityEngine.XR.LegacyInputHelpers.csproj", "{4f159345-8444-23f5-470b-cd1c71a5b39b}"
EndProject
Project("{FAE04EC0-301F-11D3-BF4B-00C04F79EFBC}") = "Unity.CollabProxy.Editor", "Unity.CollabProxy.Editor.csproj", "{4dffbc82-4b58-3b91-8e01-a80666a6cb6f}"
EndProject
Project("{FAE04EC0-301F-11D3-BF4B-00C04F79EFBC}") = "Unity.RenderPipelines.Universal.Shaders", "Unity.RenderPipelines.Universal.Shaders.csproj", "{274ab22f-c1ec-8d41-02a2-3a4c42bc73b0}"
EndProject
Project("{FAE04EC0-301F-11D3-BF4B-00C04F79EFBC}") = "Unity.Services.Core.Networking", "Unity.Services.Core.Networking.csproj", "{fe7b8f80-334b-eb9e-18de-222f868c2348}"
EndProject
Project("{FAE04EC0-301F-11D3-BF4B-00C04F79EFBC}") = "Analytics", "Analytics.csproj", "{005a0f76-015c-4980-e39f-c37366dcf0e5}"
EndProject
Project("{FAE04EC0-301F-11D3-BF4B-00C04F79EFBC}") = "Svelto.Pool.Debugger", "Svelto.Pool.Debugger.csproj", "{f3111990-22b8-f1c2-ee75-7f4b240520e0}"
EndProject
Project("{FAE04EC0-301F-11D3-BF4B-00C04F79EFBC}") = "Unity.Services.Core.Environments", "Unity.Services.Core.Environments.csproj", "{9af4e297-a58a-e1ca-7427-6acb4705b9ac}"
EndProject
Project("{FAE04EC0-301F-11D3-BF4B-00C04F79EFBC}") = "Unity.Collections.Editor", "Unity.Collections.Editor.csproj", "{7cfb4bd8-beb9-fed7-6155-283b0ea6d1ee}"
EndProject
Project("{FAE04EC0-301F-11D3-BF4B-00C04F79EFBC}") = "Unity.Collections.BurstCompatibilityGen", "Unity.Collections.BurstCompatibilityGen.csproj", "{1a3d1536-710c-e2ab-3685-cd60d0f292db}"
EndProject
Project("{FAE04EC0-301F-11D3-BF4B-00C04F79EFBC}") = "Unity.RenderPipelines.ShaderGraph.ShaderGraphLibrary", "Unity.RenderPipelines.ShaderGraph.ShaderGraphLibrary.csproj", "{d3b3a9c2-e92b-842f-2c3a-85fb091f1bd6}"
EndProject
Project("{FAE04EC0-301F-11D3-BF4B-00C04F79EFBC}") = "Unity.RenderPipelines.Core.ShaderLibrary", "Unity.RenderPipelines.Core.ShaderLibrary.csproj", "{68c73bc0-4f2f-461f-83e8-c3a948ed1e0d}"
EndProject
Project("{FAE04EC0-301F-11D3-BF4B-00C04F79EFBC}") = "UnityEngine.UI.Tests", "UnityEngine.UI.Tests.csproj", "{0e5176bf-5eaa-f421-5a48-bbc51fbf8179}"
EndProject
Project("{FAE04EC0-301F-11D3-BF4B-00C04F79EFBC}") = "UnityEngine.Purchasing.WinRT", "UnityEngine.Purchasing.WinRT.csproj", "{b6ece1f0-067a-e45b-f10b-65ca9b31b334}"
EndProject
Project("{FAE04EC0-301F-11D3-BF4B-00C04F79EFBC}") = "Unity.Burst.Tests.UnitTests", "Unity.Burst.Tests.UnitTests.csproj", "{75d35401-123e-768b-7a6b-a93c6f98900a}"
EndProject
Project("{FAE04EC0-301F-11D3-BF4B-00C04F79EFBC}") = "UnityEditor.UI.EditorTests", "UnityEditor.UI.EditorTests.csproj", "{63c340c9-bad5-3809-bfd9-d402437fde1c}"
EndProject
Project("{FAE04EC0-301F-11D3-BF4B-00C04F79EFBC}") = "UnityEngine.Purchasing.Apple", "UnityEngine.Purchasing.Apple.csproj", "{372e68b5-2340-3bc1-3518-d8770b417c57}"
EndProject
Project("{FAE04EC0-301F-11D3-BF4B-00C04F79EFBC}") = "Unity.Mathematics.Tests", "Unity.Mathematics.Tests.csproj", "{2ec92d54-8f10-1c2a-1153-fb68e7dd5a71}"
EndProject
Project("{FAE04EC0-301F-11D3-BF4B-00C04F79EFBC}") = "Unity.Analytics.DataPrivacy.Tests", "Unity.Analytics.DataPrivacy.Tests.csproj", "{aa202a8b-f427-afc7-1fa5-1211b46a4426}"
EndProject
Project("{FAE04EC0-301F-11D3-BF4B-00C04F79EFBC}") = "UnityEngine.Advertisements.Editor.Tests", "UnityEngine.Advertisements.Editor.Tests.csproj", "{dec2463d-e72b-7482-7015-5cb16ebdb8cf}"
EndProject
Project("{FAE04EC0-301F-11D3-BF4B-00C04F79EFBC}") = "Unity.TextMeshPro.Tests", "Unity.TextMeshPro.Tests.csproj", "{1c84e7aa-a0f3-0eca-c062-682f5bc46620}"
EndProject
Project("{FAE04EC0-301F-11D3-BF4B-00C04F79EFBC}") = "Unity.RenderPipelines.Core.Editor.Tests", "Unity.RenderPipelines.Core.Editor.Tests.csproj", "{737dede0-f5f6-04eb-1025-4ca00f3990a0}"
EndProject
Project("{FAE04EC0-301F-11D3-BF4B-00C04F79EFBC}") = "Unity.RenderPipelines.Core.Runtime.Tests", "Unity.RenderPipelines.Core.Runtime.Tests.csproj", "{47d9ee1d-390e-5ed1-bb84-d341722d7c87}"
EndProject
Project("{FAE04EC0-301F-11D3-BF4B-00C04F79EFBC}") = "Unity.2D.Sprite.Package.EditorTests", "Unity.2D.Sprite.Package.EditorTests.csproj", "{41d31712-08b8-8745-8a4c-1d415d1a44e3}"
EndProject
Project("{FAE04EC0-301F-11D3-BF4B-00C04F79EFBC}") = "Unity.2D.Tilemap.Package.EditorTests", "Unity.2D.Tilemap.Package.EditorTests.csproj", "{81c9fd94-0034-d1d6-2772-81921122efd1}"
EndProject
Project("{FAE04EC0-301F-11D3-BF4B-00C04F79EFBC}") = "Unity.Burst.Editor.Tests", "Unity.Burst.Editor.Tests.csproj", "{fbd2bd8c-6d12-75d8-0436-ed3fad2b66e7}"
EndProject
Project("{FAE04EC0-301F-11D3-BF4B-00C04F79EFBC}") = "UnityEngine.Purchasing.Security", "UnityEngine.Purchasing.Security.csproj", "{5293e609-dfbf-96aa-3f20-38135f7a7063}"
EndProject
Project("{FAE04EC0-301F-11D3-BF4B-00C04F79EFBC}") = "UnityEngine.Advertisements.Tests", "UnityEngine.Advertisements.Tests.csproj", "{6e88b2eb-4362-0c81-5141-5915b8398bcb}"
EndProject
Project("{FAE04EC0-301F-11D3-BF4B-00C04F79EFBC}") = "Unity.Searcher.EditorTests", "Unity.Searcher.EditorTests.csproj", "{9197fc2f-944f-7cd8-ddda-d3419aa99f0c}"
EndProject
Project("{FAE04EC0-301F-11D3-BF4B-00C04F79EFBC}") = "Unity.Analytics.StandardEvents.EditorTests", "Unity.Analytics.StandardEvents.EditorTests.csproj", "{9f458924-9d05-56e1-7d14-04ebcfe0bd6d}"
EndProject
Project("{FAE04EC0-301F-11D3-BF4B-00C04F79EFBC}") = "Unity.RenderPipelines.Universal.Runtime.Tests", "Unity.RenderPipelines.Universal.Runtime.Tests.csproj", "{0cb5b99f-d5e1-516a-6db7-f0c62c8ef366}"
EndProject
Project("{FAE04EC0-301F-11D3-BF4B-00C04F79EFBC}") = "DocCodeExamples", "DocCodeExamples.csproj", "{0d7734a8-2cbb-6879-645f-9bf8f947e2cd}"
EndProject
Project("{FAE04EC0-301F-11D3-BF4B-00C04F79EFBC}") = "Unity.RenderPipelines.Universal.Editor.Tests", "Unity.RenderPipelines.Universal.Editor.Tests.csproj", "{8ef0f9b0-7cb9-d602-6866-477cb64ea7e7}"
EndProject
Project("{FAE04EC0-301F-11D3-BF4B-00C04F79EFBC}") = "Unity.ShaderGraph.Editor.Tests", "Unity.ShaderGraph.Editor.Tests.csproj", "{7888cfde-3273-2899-0c31-a3e6dd7912b6}"
EndProject
Project("{FAE04EC0-301F-11D3-BF4B-00C04F79EFBC}") = "Unity.Collections.Tests", "Unity.Collections.Tests.csproj", "{b10135a1-8a5b-e1ae-d3e7-33cd6c1c662d}"
EndProject
Project("{FAE04EC0-301F-11D3-BF4B-00C04F79EFBC}") = "Unity.AI.Navigation.Tests", "Unity.AI.Navigation.Tests.csproj", "{c4ef5bff-d79f-8ca6-e2c2-76412616b6d9}"
EndProject
Project("{FAE04EC0-301F-11D3-BF4B-00C04F79EFBC}") = "Unity.Nuget.Mono-Cecil", "Unity.Nuget.Mono-Cecil.csproj", "{90eca380-285f-d32d-8596-fddc724be73e}"
EndProject
Project("{FAE04EC0-301F-11D3-BF4B-00C04F79EFBC}") = "UnityEditor.XR.LegacyInputHelpers.Tests", "UnityEditor.XR.LegacyInputHelpers.Tests.csproj", "{db48eb9a-62b9-1ece-be57-40f287cddbc8}"
EndProject
Project("{FAE04EC0-301F-11D3-BF4B-00C04F79EFBC}") = "Unity.TextMeshPro.Editor.Tests", "Unity.TextMeshPro.Editor.Tests.csproj", "{bed040c0-ce45-fd8e-f3ea-ce8f20b39011}"
EndProject
Project("{FAE04EC0-301F-11D3-BF4B-00C04F79EFBC}") = "UnityEngine.Purchasing.AppleMacos", "UnityEngine.Purchasing.AppleMacos.csproj", "{98795c93-f334-b522-bac3-34129a017c5d}"
EndProject
Project("{FAE04EC0-301F-11D3-BF4B-00C04F79EFBC}") = "UnityEngine.SpatialTracking.Tests", "UnityEngine.SpatialTracking.Tests.csproj", "{ec30fd5d-a7af-ed91-6a00-454bbb1a96f3}"
EndProject
Project("{FAE04EC0-301F-11D3-BF4B-00C04F79EFBC}") = "Unity.AI.Navigation.Editor.Tests", "Unity.AI.Navigation.Editor.Tests.csproj", "{c01a33c9-9620-95dc-71d4-9f498ad1546a}"
EndProject
Project("{FAE04EC0-301F-11D3-BF4B-00C04F79EFBC}") = "Assembly-CSharp-firstpass", "Assembly-CSharp-firstpass.csproj", "{53d4265e-c642-f816-4e00-9fdc0ad48b2c}"
EndProject
Project("{FAE04EC0-301F-11D3-BF4B-00C04F79EFBC}") = "Unity.Collections.Tests.Playmode", "Unity.Collections.Tests.Playmode.csproj", "{07986f02-cdd3-16fa-1636-cdb4ed407d13}"
EndProject
Project("{FAE04EC0-301F-11D3-BF4B-00C04F79EFBC}") = "SeparateAssembly", "SeparateAssembly.csproj", "{68ebf2fa-ce74-5813-c6df-a50def2d2bfc}"
EndProject
Project("{FAE04EC0-301F-11D3-BF4B-00C04F79EFBC}") = "OverloadedFunctionPointers", "OverloadedFunctionPointers.csproj", "{c52cd691-ca00-346c-f051-289fc5640533}"
EndProject
Global
	GlobalSection(SolutionConfigurationPlatforms) = preSolution
		Debug|Any CPU = Debug|Any CPU
	EndGlobalSection
	GlobalSection(ProjectConfigurationPlatforms) = postSolution
		{2341d45c-ccf4-b1c0-791b-90637810065a}.Debug|Any CPU.ActiveCfg = Debug|Any CPU
		{2341d45c-ccf4-b1c0-791b-90637810065a}.Debug|Any CPU.Build.0 = Debug|Any CPU
		{66e8ccf3-895f-d47f-5757-3c7f18fcee6e}.Debug|Any CPU.ActiveCfg = Debug|Any CPU
		{66e8ccf3-895f-d47f-5757-3c7f18fcee6e}.Debug|Any CPU.Build.0 = Debug|Any CPU
		{3f2b48b7-3699-39c3-a838-8c11ca4b1129}.Debug|Any CPU.ActiveCfg = Debug|Any CPU
		{3f2b48b7-3699-39c3-a838-8c11ca4b1129}.Debug|Any CPU.Build.0 = Debug|Any CPU
		{77ea7bae-c306-22fd-11af-43081c638a7d}.Debug|Any CPU.ActiveCfg = Debug|Any CPU
		{77ea7bae-c306-22fd-11af-43081c638a7d}.Debug|Any CPU.Build.0 = Debug|Any CPU
		{51678c68-e797-b91b-d674-7d68d45dd542}.Debug|Any CPU.ActiveCfg = Debug|Any CPU
		{51678c68-e797-b91b-d674-7d68d45dd542}.Debug|Any CPU.Build.0 = Debug|Any CPU
		{9e6bfac9-5577-1e62-3692-94d5408246af}.Debug|Any CPU.ActiveCfg = Debug|Any CPU
		{9e6bfac9-5577-1e62-3692-94d5408246af}.Debug|Any CPU.Build.0 = Debug|Any CPU
		{b6d4bc4b-f2de-8c55-b195-a9ad3311224f}.Debug|Any CPU.ActiveCfg = Debug|Any CPU
		{b6d4bc4b-f2de-8c55-b195-a9ad3311224f}.Debug|Any CPU.Build.0 = Debug|Any CPU
		{88773804-404f-9af9-ee63-b5c612621643}.Debug|Any CPU.ActiveCfg = Debug|Any CPU
		{88773804-404f-9af9-ee63-b5c612621643}.Debug|Any CPU.Build.0 = Debug|Any CPU
		{627b2a2f-4432-bb3f-c98a-495d329b6b51}.Debug|Any CPU.ActiveCfg = Debug|Any CPU
		{627b2a2f-4432-bb3f-c98a-495d329b6b51}.Debug|Any CPU.Build.0 = Debug|Any CPU
		{c3de42d0-7f79-03ea-cdc2-0f12f0a3f659}.Debug|Any CPU.ActiveCfg = Debug|Any CPU
		{c3de42d0-7f79-03ea-cdc2-0f12f0a3f659}.Debug|Any CPU.Build.0 = Debug|Any CPU
		{dff2f1d4-9272-133f-fb1e-98b16b77df6a}.Debug|Any CPU.ActiveCfg = Debug|Any CPU
		{dff2f1d4-9272-133f-fb1e-98b16b77df6a}.Debug|Any CPU.Build.0 = Debug|Any CPU
		{b45bed1a-c6bc-e109-8182-7f8aabb85973}.Debug|Any CPU.ActiveCfg = Debug|Any CPU
		{b45bed1a-c6bc-e109-8182-7f8aabb85973}.Debug|Any CPU.Build.0 = Debug|Any CPU
		{b5148324-6cc7-2d08-d133-4acb7ebb7ead}.Debug|Any CPU.ActiveCfg = Debug|Any CPU
		{b5148324-6cc7-2d08-d133-4acb7ebb7ead}.Debug|Any CPU.Build.0 = Debug|Any CPU
		{42b3f39c-0cdf-fe99-7096-24cd796a2c31}.Debug|Any CPU.ActiveCfg = Debug|Any CPU
		{42b3f39c-0cdf-fe99-7096-24cd796a2c31}.Debug|Any CPU.Build.0 = Debug|Any CPU
		{0e8fb534-0b46-1983-9006-d73d73e8962d}.Debug|Any CPU.ActiveCfg = Debug|Any CPU
		{0e8fb534-0b46-1983-9006-d73d73e8962d}.Debug|Any CPU.Build.0 = Debug|Any CPU
		{fccfe40a-5e2d-56a7-df18-d7acca0fc4f6}.Debug|Any CPU.ActiveCfg = Debug|Any CPU
		{fccfe40a-5e2d-56a7-df18-d7acca0fc4f6}.Debug|Any CPU.Build.0 = Debug|Any CPU
		{052ef6a0-edb1-c7eb-b06d-66b4c4e988c3}.Debug|Any CPU.ActiveCfg = Debug|Any CPU
		{052ef6a0-edb1-c7eb-b06d-66b4c4e988c3}.Debug|Any CPU.Build.0 = Debug|Any CPU
		{3acfe615-e496-99a2-8561-b218e266a732}.Debug|Any CPU.ActiveCfg = Debug|Any CPU
		{3acfe615-e496-99a2-8561-b218e266a732}.Debug|Any CPU.Build.0 = Debug|Any CPU
		{d4749eca-e3e2-5a99-7e1d-41a62a5f46bb}.Debug|Any CPU.ActiveCfg = Debug|Any CPU
		{d4749eca-e3e2-5a99-7e1d-41a62a5f46bb}.Debug|Any CPU.Build.0 = Debug|Any CPU
		{9b7216da-63a4-7988-0c6b-33f0c5d8bb2d}.Debug|Any CPU.ActiveCfg = Debug|Any CPU
		{9b7216da-63a4-7988-0c6b-33f0c5d8bb2d}.Debug|Any CPU.Build.0 = Debug|Any CPU
		{190892ef-f628-bf22-661d-f6d2a783ecae}.Debug|Any CPU.ActiveCfg = Debug|Any CPU
		{190892ef-f628-bf22-661d-f6d2a783ecae}.Debug|Any CPU.Build.0 = Debug|Any CPU
		{aab1e228-1630-a814-e0eb-433505dba5f8}.Debug|Any CPU.ActiveCfg = Debug|Any CPU
		{aab1e228-1630-a814-e0eb-433505dba5f8}.Debug|Any CPU.Build.0 = Debug|Any CPU
		{913cf9ee-447d-f3c9-61e8-e097761a047c}.Debug|Any CPU.ActiveCfg = Debug|Any CPU
		{913cf9ee-447d-f3c9-61e8-e097761a047c}.Debug|Any CPU.Build.0 = Debug|Any CPU
		{25cb98e2-105c-cb51-901c-128f4fd0a5ef}.Debug|Any CPU.ActiveCfg = Debug|Any CPU
		{25cb98e2-105c-cb51-901c-128f4fd0a5ef}.Debug|Any CPU.Build.0 = Debug|Any CPU
		{237e762a-ba82-a2dc-d4fa-63c29ca953b4}.Debug|Any CPU.ActiveCfg = Debug|Any CPU
		{237e762a-ba82-a2dc-d4fa-63c29ca953b4}.Debug|Any CPU.Build.0 = Debug|Any CPU
		{663d3b42-e419-45b2-a105-53ec6d2b8c54}.Debug|Any CPU.ActiveCfg = Debug|Any CPU
		{663d3b42-e419-45b2-a105-53ec6d2b8c54}.Debug|Any CPU.Build.0 = Debug|Any CPU
		{5ab4f562-272e-1244-5eda-6f936cf7200c}.Debug|Any CPU.ActiveCfg = Debug|Any CPU
		{5ab4f562-272e-1244-5eda-6f936cf7200c}.Debug|Any CPU.Build.0 = Debug|Any CPU
		{972825be-ab1e-a1d7-7ffb-1d72b198d0e9}.Debug|Any CPU.ActiveCfg = Debug|Any CPU
		{972825be-ab1e-a1d7-7ffb-1d72b198d0e9}.Debug|Any CPU.Build.0 = Debug|Any CPU
		{74a3b253-f8c6-bbea-baf6-0e5acedf96cf}.Debug|Any CPU.ActiveCfg = Debug|Any CPU
		{74a3b253-f8c6-bbea-baf6-0e5acedf96cf}.Debug|Any CPU.Build.0 = Debug|Any CPU
		{e1f29795-4e9e-b78e-ca52-df761bd98098}.Debug|Any CPU.ActiveCfg = Debug|Any CPU
		{e1f29795-4e9e-b78e-ca52-df761bd98098}.Debug|Any CPU.Build.0 = Debug|Any CPU
		{8e084390-e1e2-67d5-f293-409b24afb956}.Debug|Any CPU.ActiveCfg = Debug|Any CPU
		{8e084390-e1e2-67d5-f293-409b24afb956}.Debug|Any CPU.Build.0 = Debug|Any CPU
		{45fdd309-1b39-5cef-8caa-1d0821f7771d}.Debug|Any CPU.ActiveCfg = Debug|Any CPU
		{45fdd309-1b39-5cef-8caa-1d0821f7771d}.Debug|Any CPU.Build.0 = Debug|Any CPU
		{6265df93-78d4-8606-63e7-6379c409b97f}.Debug|Any CPU.ActiveCfg = Debug|Any CPU
		{6265df93-78d4-8606-63e7-6379c409b97f}.Debug|Any CPU.Build.0 = Debug|Any CPU
		{f2da72c8-49cc-8fe7-c885-d5d475972f01}.Debug|Any CPU.ActiveCfg = Debug|Any CPU
		{f2da72c8-49cc-8fe7-c885-d5d475972f01}.Debug|Any CPU.Build.0 = Debug|Any CPU
		{7a61a153-8631-4932-fd0c-347a3afc42ee}.Debug|Any CPU.ActiveCfg = Debug|Any CPU
		{7a61a153-8631-4932-fd0c-347a3afc42ee}.Debug|Any CPU.Build.0 = Debug|Any CPU
		{303ec7d2-c28d-7f78-f550-b73613ed9631}.Debug|Any CPU.ActiveCfg = Debug|Any CPU
		{303ec7d2-c28d-7f78-f550-b73613ed9631}.Debug|Any CPU.Build.0 = Debug|Any CPU
		{3a7af6ec-9e5d-446f-43b8-361e185061db}.Debug|Any CPU.ActiveCfg = Debug|Any CPU
		{3a7af6ec-9e5d-446f-43b8-361e185061db}.Debug|Any CPU.Build.0 = Debug|Any CPU
		{4794cf5a-dd32-4956-bf11-d09e3178ef48}.Debug|Any CPU.ActiveCfg = Debug|Any CPU
		{4794cf5a-dd32-4956-bf11-d09e3178ef48}.Debug|Any CPU.Build.0 = Debug|Any CPU
		{b57c3d3d-61a5-8adf-5127-dd58c515bc0b}.Debug|Any CPU.ActiveCfg = Debug|Any CPU
		{b57c3d3d-61a5-8adf-5127-dd58c515bc0b}.Debug|Any CPU.Build.0 = Debug|Any CPU
		{f99c6a02-71f9-f595-29d2-580ae7cdf0b3}.Debug|Any CPU.ActiveCfg = Debug|Any CPU
		{f99c6a02-71f9-f595-29d2-580ae7cdf0b3}.Debug|Any CPU.Build.0 = Debug|Any CPU
		{10779627-bad1-7808-e048-e36f12e338a6}.Debug|Any CPU.ActiveCfg = Debug|Any CPU
		{10779627-bad1-7808-e048-e36f12e338a6}.Debug|Any CPU.Build.0 = Debug|Any CPU
		{f55dfded-f160-ab8f-f636-1bed9569b44f}.Debug|Any CPU.ActiveCfg = Debug|Any CPU
		{f55dfded-f160-ab8f-f636-1bed9569b44f}.Debug|Any CPU.Build.0 = Debug|Any CPU
		{b5149c1f-cb78-a3fd-5849-05eda91debdf}.Debug|Any CPU.ActiveCfg = Debug|Any CPU
		{b5149c1f-cb78-a3fd-5849-05eda91debdf}.Debug|Any CPU.Build.0 = Debug|Any CPU
		{2f67ebe6-25bc-d07b-5451-0d2361f5784c}.Debug|Any CPU.ActiveCfg = Debug|Any CPU
		{2f67ebe6-25bc-d07b-5451-0d2361f5784c}.Debug|Any CPU.Build.0 = Debug|Any CPU
		{0f6185e8-537b-4997-0caf-53af0551b3ba}.Debug|Any CPU.ActiveCfg = Debug|Any CPU
		{0f6185e8-537b-4997-0caf-53af0551b3ba}.Debug|Any CPU.Build.0 = Debug|Any CPU
		{a444c1f9-c83f-02b7-fed8-0e86c66909da}.Debug|Any CPU.ActiveCfg = Debug|Any CPU
		{a444c1f9-c83f-02b7-fed8-0e86c66909da}.Debug|Any CPU.Build.0 = Debug|Any CPU
		{1c79478c-4369-437b-545e-d203a4944d51}.Debug|Any CPU.ActiveCfg = Debug|Any CPU
		{1c79478c-4369-437b-545e-d203a4944d51}.Debug|Any CPU.Build.0 = Debug|Any CPU
		{897b832e-33e3-0797-1dc8-34b87cb34654}.Debug|Any CPU.ActiveCfg = Debug|Any CPU
		{897b832e-33e3-0797-1dc8-34b87cb34654}.Debug|Any CPU.Build.0 = Debug|Any CPU
		{21bb5c5a-8b9c-e20e-9d11-e310ae98ee34}.Debug|Any CPU.ActiveCfg = Debug|Any CPU
		{21bb5c5a-8b9c-e20e-9d11-e310ae98ee34}.Debug|Any CPU.Build.0 = Debug|Any CPU
		{59d5b8df-a7e6-f8bc-7181-c0ab5d67095d}.Debug|Any CPU.ActiveCfg = Debug|Any CPU
		{59d5b8df-a7e6-f8bc-7181-c0ab5d67095d}.Debug|Any CPU.Build.0 = Debug|Any CPU
		{e57c0b2b-d1f3-f6e1-0f94-c241f66a7016}.Debug|Any CPU.ActiveCfg = Debug|Any CPU
		{e57c0b2b-d1f3-f6e1-0f94-c241f66a7016}.Debug|Any CPU.Build.0 = Debug|Any CPU
		{0daff48b-9217-d7ae-ae82-689f2e135313}.Debug|Any CPU.ActiveCfg = Debug|Any CPU
		{0daff48b-9217-d7ae-ae82-689f2e135313}.Debug|Any CPU.Build.0 = Debug|Any CPU
		{a39fe3c4-4719-22bf-00a6-15f99352a7a1}.Debug|Any CPU.ActiveCfg = Debug|Any CPU
		{a39fe3c4-4719-22bf-00a6-15f99352a7a1}.Debug|Any CPU.Build.0 = Debug|Any CPU
		{85050150-3177-b5d6-a18c-edbf5d6db8d2}.Debug|Any CPU.ActiveCfg = Debug|Any CPU
		{85050150-3177-b5d6-a18c-edbf5d6db8d2}.Debug|Any CPU.Build.0 = Debug|Any CPU
		{f8b37699-fa59-49ed-60f7-9cdeab34ae31}.Debug|Any CPU.ActiveCfg = Debug|Any CPU
		{f8b37699-fa59-49ed-60f7-9cdeab34ae31}.Debug|Any CPU.Build.0 = Debug|Any CPU
		{0ef309b1-51bd-da5a-252e-8bdb7347f256}.Debug|Any CPU.ActiveCfg = Debug|Any CPU
		{0ef309b1-51bd-da5a-252e-8bdb7347f256}.Debug|Any CPU.Build.0 = Debug|Any CPU
		{f35d6f26-a44e-ccfe-07fe-0aa0b2907eac}.Debug|Any CPU.ActiveCfg = Debug|Any CPU
		{f35d6f26-a44e-ccfe-07fe-0aa0b2907eac}.Debug|Any CPU.Build.0 = Debug|Any CPU
		{47fd0974-96dc-b66a-bb57-03e3236fa7ec}.Debug|Any CPU.ActiveCfg = Debug|Any CPU
		{47fd0974-96dc-b66a-bb57-03e3236fa7ec}.Debug|Any CPU.Build.0 = Debug|Any CPU
		{405485b1-5e1a-b994-7783-f9a406fa8f65}.Debug|Any CPU.ActiveCfg = Debug|Any CPU
		{405485b1-5e1a-b994-7783-f9a406fa8f65}.Debug|Any CPU.Build.0 = Debug|Any CPU
		{8ade78be-618b-efc6-9481-5e4bce51088b}.Debug|Any CPU.ActiveCfg = Debug|Any CPU
		{8ade78be-618b-efc6-9481-5e4bce51088b}.Debug|Any CPU.Build.0 = Debug|Any CPU
		{4b210f43-11d3-57f6-1c8c-e81454c22341}.Debug|Any CPU.ActiveCfg = Debug|Any CPU
		{4b210f43-11d3-57f6-1c8c-e81454c22341}.Debug|Any CPU.Build.0 = Debug|Any CPU
		{87a6be10-3249-361b-1bde-1dbc20b1536a}.Debug|Any CPU.ActiveCfg = Debug|Any CPU
		{87a6be10-3249-361b-1bde-1dbc20b1536a}.Debug|Any CPU.Build.0 = Debug|Any CPU
		{61a39dfa-4405-90d8-2309-8a14b517ae26}.Debug|Any CPU.ActiveCfg = Debug|Any CPU
		{61a39dfa-4405-90d8-2309-8a14b517ae26}.Debug|Any CPU.Build.0 = Debug|Any CPU
		{1d6f8e93-16f8-04d4-7eb6-2e2aeb6eef0a}.Debug|Any CPU.ActiveCfg = Debug|Any CPU
		{1d6f8e93-16f8-04d4-7eb6-2e2aeb6eef0a}.Debug|Any CPU.Build.0 = Debug|Any CPU
		{296aa5e2-76fe-2ebf-bcdf-caf6e3412e4e}.Debug|Any CPU.ActiveCfg = Debug|Any CPU
		{296aa5e2-76fe-2ebf-bcdf-caf6e3412e4e}.Debug|Any CPU.Build.0 = Debug|Any CPU
		{93380f08-deaf-9cde-da64-9c3c297ed778}.Debug|Any CPU.ActiveCfg = Debug|Any CPU
		{93380f08-deaf-9cde-da64-9c3c297ed778}.Debug|Any CPU.Build.0 = Debug|Any CPU
		{3c3cf975-e8c5-c0a1-36ba-58d5b36d7eb1}.Debug|Any CPU.ActiveCfg = Debug|Any CPU
		{3c3cf975-e8c5-c0a1-36ba-58d5b36d7eb1}.Debug|Any CPU.Build.0 = Debug|Any CPU
		{fed6d6a8-586e-2c07-6dc0-4080e43f25b6}.Debug|Any CPU.ActiveCfg = Debug|Any CPU
		{fed6d6a8-586e-2c07-6dc0-4080e43f25b6}.Debug|Any CPU.Build.0 = Debug|Any CPU
		{66b40c2b-4c50-87cb-babd-4b05e098b0a9}.Debug|Any CPU.ActiveCfg = Debug|Any CPU
		{66b40c2b-4c50-87cb-babd-4b05e098b0a9}.Debug|Any CPU.Build.0 = Debug|Any CPU
		{17ff32f8-7ba2-74e5-da26-2ecb08d90d22}.Debug|Any CPU.ActiveCfg = Debug|Any CPU
		{17ff32f8-7ba2-74e5-da26-2ecb08d90d22}.Debug|Any CPU.Build.0 = Debug|Any CPU
		{b0ff2b3c-5524-c810-525c-d1d28d3f74e6}.Debug|Any CPU.ActiveCfg = Debug|Any CPU
		{b0ff2b3c-5524-c810-525c-d1d28d3f74e6}.Debug|Any CPU.Build.0 = Debug|Any CPU
		{1b76bb02-66d7-0c79-5e75-d487b22f1232}.Debug|Any CPU.ActiveCfg = Debug|Any CPU
		{1b76bb02-66d7-0c79-5e75-d487b22f1232}.Debug|Any CPU.Build.0 = Debug|Any CPU
		{f01f6326-3317-1cb3-fec8-f28c6feb9696}.Debug|Any CPU.ActiveCfg = Debug|Any CPU
		{f01f6326-3317-1cb3-fec8-f28c6feb9696}.Debug|Any CPU.Build.0 = Debug|Any CPU
		{5cd195f9-b983-c07c-7a51-00fc75f0e6c5}.Debug|Any CPU.ActiveCfg = Debug|Any CPU
		{5cd195f9-b983-c07c-7a51-00fc75f0e6c5}.Debug|Any CPU.Build.0 = Debug|Any CPU
		{04997d4f-a837-0526-0d61-198e38294b73}.Debug|Any CPU.ActiveCfg = Debug|Any CPU
		{04997d4f-a837-0526-0d61-198e38294b73}.Debug|Any CPU.Build.0 = Debug|Any CPU
		{2f012052-4fc6-7999-9095-e23f4bacc648}.Debug|Any CPU.ActiveCfg = Debug|Any CPU
		{2f012052-4fc6-7999-9095-e23f4bacc648}.Debug|Any CPU.Build.0 = Debug|Any CPU
		{7218948e-6052-a051-f9f2-b71cbf7840af}.Debug|Any CPU.ActiveCfg = Debug|Any CPU
		{7218948e-6052-a051-f9f2-b71cbf7840af}.Debug|Any CPU.Build.0 = Debug|Any CPU
		{5cdf6723-d395-96c4-be69-8d38a95c5ceb}.Debug|Any CPU.ActiveCfg = Debug|Any CPU
		{5cdf6723-d395-96c4-be69-8d38a95c5ceb}.Debug|Any CPU.Build.0 = Debug|Any CPU
		{ef9b373b-eeaa-30e8-3f54-f1026b92a938}.Debug|Any CPU.ActiveCfg = Debug|Any CPU
		{ef9b373b-eeaa-30e8-3f54-f1026b92a938}.Debug|Any CPU.Build.0 = Debug|Any CPU
		{f6c67398-3c88-6395-98d6-d0d83e52adea}.Debug|Any CPU.ActiveCfg = Debug|Any CPU
		{f6c67398-3c88-6395-98d6-d0d83e52adea}.Debug|Any CPU.Build.0 = Debug|Any CPU
		{d9212d4c-d7a6-70c0-6af1-2ba7e8820c33}.Debug|Any CPU.ActiveCfg = Debug|Any CPU
		{d9212d4c-d7a6-70c0-6af1-2ba7e8820c33}.Debug|Any CPU.Build.0 = Debug|Any CPU
		{61ffda37-b3b3-5b60-cddd-249be6feb77a}.Debug|Any CPU.ActiveCfg = Debug|Any CPU
		{61ffda37-b3b3-5b60-cddd-249be6feb77a}.Debug|Any CPU.Build.0 = Debug|Any CPU
		{76fb23b9-832f-2760-642e-dcde91d8513c}.Debug|Any CPU.ActiveCfg = Debug|Any CPU
		{76fb23b9-832f-2760-642e-dcde91d8513c}.Debug|Any CPU.Build.0 = Debug|Any CPU
		{19145524-1835-3ec9-ce01-82a7d4893938}.Debug|Any CPU.ActiveCfg = Debug|Any CPU
		{19145524-1835-3ec9-ce01-82a7d4893938}.Debug|Any CPU.Build.0 = Debug|Any CPU
		{3d38c8ae-e712-6070-9860-1f044a4f27fa}.Debug|Any CPU.ActiveCfg = Debug|Any CPU
		{3d38c8ae-e712-6070-9860-1f044a4f27fa}.Debug|Any CPU.Build.0 = Debug|Any CPU
		{4f159345-8444-23f5-470b-cd1c71a5b39b}.Debug|Any CPU.ActiveCfg = Debug|Any CPU
		{4f159345-8444-23f5-470b-cd1c71a5b39b}.Debug|Any CPU.Build.0 = Debug|Any CPU
		{4dffbc82-4b58-3b91-8e01-a80666a6cb6f}.Debug|Any CPU.ActiveCfg = Debug|Any CPU
		{4dffbc82-4b58-3b91-8e01-a80666a6cb6f}.Debug|Any CPU.Build.0 = Debug|Any CPU
		{274ab22f-c1ec-8d41-02a2-3a4c42bc73b0}.Debug|Any CPU.ActiveCfg = Debug|Any CPU
		{274ab22f-c1ec-8d41-02a2-3a4c42bc73b0}.Debug|Any CPU.Build.0 = Debug|Any CPU
		{fe7b8f80-334b-eb9e-18de-222f868c2348}.Debug|Any CPU.ActiveCfg = Debug|Any CPU
		{fe7b8f80-334b-eb9e-18de-222f868c2348}.Debug|Any CPU.Build.0 = Debug|Any CPU
		{005a0f76-015c-4980-e39f-c37366dcf0e5}.Debug|Any CPU.ActiveCfg = Debug|Any CPU
		{005a0f76-015c-4980-e39f-c37366dcf0e5}.Debug|Any CPU.Build.0 = Debug|Any CPU
		{f3111990-22b8-f1c2-ee75-7f4b240520e0}.Debug|Any CPU.ActiveCfg = Debug|Any CPU
		{f3111990-22b8-f1c2-ee75-7f4b240520e0}.Debug|Any CPU.Build.0 = Debug|Any CPU
		{9af4e297-a58a-e1ca-7427-6acb4705b9ac}.Debug|Any CPU.ActiveCfg = Debug|Any CPU
		{9af4e297-a58a-e1ca-7427-6acb4705b9ac}.Debug|Any CPU.Build.0 = Debug|Any CPU
		{7cfb4bd8-beb9-fed7-6155-283b0ea6d1ee}.Debug|Any CPU.ActiveCfg = Debug|Any CPU
		{7cfb4bd8-beb9-fed7-6155-283b0ea6d1ee}.Debug|Any CPU.Build.0 = Debug|Any CPU
		{1a3d1536-710c-e2ab-3685-cd60d0f292db}.Debug|Any CPU.ActiveCfg = Debug|Any CPU
		{1a3d1536-710c-e2ab-3685-cd60d0f292db}.Debug|Any CPU.Build.0 = Debug|Any CPU
		{d3b3a9c2-e92b-842f-2c3a-85fb091f1bd6}.Debug|Any CPU.ActiveCfg = Debug|Any CPU
		{d3b3a9c2-e92b-842f-2c3a-85fb091f1bd6}.Debug|Any CPU.Build.0 = Debug|Any CPU
		{68c73bc0-4f2f-461f-83e8-c3a948ed1e0d}.Debug|Any CPU.ActiveCfg = Debug|Any CPU
		{68c73bc0-4f2f-461f-83e8-c3a948ed1e0d}.Debug|Any CPU.Build.0 = Debug|Any CPU
		{0e5176bf-5eaa-f421-5a48-bbc51fbf8179}.Debug|Any CPU.ActiveCfg = Debug|Any CPU
		{0e5176bf-5eaa-f421-5a48-bbc51fbf8179}.Debug|Any CPU.Build.0 = Debug|Any CPU
		{b6ece1f0-067a-e45b-f10b-65ca9b31b334}.Debug|Any CPU.ActiveCfg = Debug|Any CPU
		{b6ece1f0-067a-e45b-f10b-65ca9b31b334}.Debug|Any CPU.Build.0 = Debug|Any CPU
		{75d35401-123e-768b-7a6b-a93c6f98900a}.Debug|Any CPU.ActiveCfg = Debug|Any CPU
		{75d35401-123e-768b-7a6b-a93c6f98900a}.Debug|Any CPU.Build.0 = Debug|Any CPU
		{63c340c9-bad5-3809-bfd9-d402437fde1c}.Debug|Any CPU.ActiveCfg = Debug|Any CPU
		{63c340c9-bad5-3809-bfd9-d402437fde1c}.Debug|Any CPU.Build.0 = Debug|Any CPU
		{372e68b5-2340-3bc1-3518-d8770b417c57}.Debug|Any CPU.ActiveCfg = Debug|Any CPU
		{372e68b5-2340-3bc1-3518-d8770b417c57}.Debug|Any CPU.Build.0 = Debug|Any CPU
		{2ec92d54-8f10-1c2a-1153-fb68e7dd5a71}.Debug|Any CPU.ActiveCfg = Debug|Any CPU
		{2ec92d54-8f10-1c2a-1153-fb68e7dd5a71}.Debug|Any CPU.Build.0 = Debug|Any CPU
		{aa202a8b-f427-afc7-1fa5-1211b46a4426}.Debug|Any CPU.ActiveCfg = Debug|Any CPU
		{aa202a8b-f427-afc7-1fa5-1211b46a4426}.Debug|Any CPU.Build.0 = Debug|Any CPU
		{dec2463d-e72b-7482-7015-5cb16ebdb8cf}.Debug|Any CPU.ActiveCfg = Debug|Any CPU
		{dec2463d-e72b-7482-7015-5cb16ebdb8cf}.Debug|Any CPU.Build.0 = Debug|Any CPU
		{1c84e7aa-a0f3-0eca-c062-682f5bc46620}.Debug|Any CPU.ActiveCfg = Debug|Any CPU
		{1c84e7aa-a0f3-0eca-c062-682f5bc46620}.Debug|Any CPU.Build.0 = Debug|Any CPU
		{737dede0-f5f6-04eb-1025-4ca00f3990a0}.Debug|Any CPU.ActiveCfg = Debug|Any CPU
		{737dede0-f5f6-04eb-1025-4ca00f3990a0}.Debug|Any CPU.Build.0 = Debug|Any CPU
		{47d9ee1d-390e-5ed1-bb84-d341722d7c87}.Debug|Any CPU.ActiveCfg = Debug|Any CPU
		{47d9ee1d-390e-5ed1-bb84-d341722d7c87}.Debug|Any CPU.Build.0 = Debug|Any CPU
		{41d31712-08b8-8745-8a4c-1d415d1a44e3}.Debug|Any CPU.ActiveCfg = Debug|Any CPU
		{41d31712-08b8-8745-8a4c-1d415d1a44e3}.Debug|Any CPU.Build.0 = Debug|Any CPU
		{81c9fd94-0034-d1d6-2772-81921122efd1}.Debug|Any CPU.ActiveCfg = Debug|Any CPU
		{81c9fd94-0034-d1d6-2772-81921122efd1}.Debug|Any CPU.Build.0 = Debug|Any CPU
		{fbd2bd8c-6d12-75d8-0436-ed3fad2b66e7}.Debug|Any CPU.ActiveCfg = Debug|Any CPU
		{fbd2bd8c-6d12-75d8-0436-ed3fad2b66e7}.Debug|Any CPU.Build.0 = Debug|Any CPU
		{5293e609-dfbf-96aa-3f20-38135f7a7063}.Debug|Any CPU.ActiveCfg = Debug|Any CPU
		{5293e609-dfbf-96aa-3f20-38135f7a7063}.Debug|Any CPU.Build.0 = Debug|Any CPU
		{6e88b2eb-4362-0c81-5141-5915b8398bcb}.Debug|Any CPU.ActiveCfg = Debug|Any CPU
		{6e88b2eb-4362-0c81-5141-5915b8398bcb}.Debug|Any CPU.Build.0 = Debug|Any CPU
		{9197fc2f-944f-7cd8-ddda-d3419aa99f0c}.Debug|Any CPU.ActiveCfg = Debug|Any CPU
		{9197fc2f-944f-7cd8-ddda-d3419aa99f0c}.Debug|Any CPU.Build.0 = Debug|Any CPU
		{9f458924-9d05-56e1-7d14-04ebcfe0bd6d}.Debug|Any CPU.ActiveCfg = Debug|Any CPU
		{9f458924-9d05-56e1-7d14-04ebcfe0bd6d}.Debug|Any CPU.Build.0 = Debug|Any CPU
		{0cb5b99f-d5e1-516a-6db7-f0c62c8ef366}.Debug|Any CPU.ActiveCfg = Debug|Any CPU
		{0cb5b99f-d5e1-516a-6db7-f0c62c8ef366}.Debug|Any CPU.Build.0 = Debug|Any CPU
		{0d7734a8-2cbb-6879-645f-9bf8f947e2cd}.Debug|Any CPU.ActiveCfg = Debug|Any CPU
		{0d7734a8-2cbb-6879-645f-9bf8f947e2cd}.Debug|Any CPU.Build.0 = Debug|Any CPU
		{8ef0f9b0-7cb9-d602-6866-477cb64ea7e7}.Debug|Any CPU.ActiveCfg = Debug|Any CPU
		{8ef0f9b0-7cb9-d602-6866-477cb64ea7e7}.Debug|Any CPU.Build.0 = Debug|Any CPU
		{7888cfde-3273-2899-0c31-a3e6dd7912b6}.Debug|Any CPU.ActiveCfg = Debug|Any CPU
		{7888cfde-3273-2899-0c31-a3e6dd7912b6}.Debug|Any CPU.Build.0 = Debug|Any CPU
		{b10135a1-8a5b-e1ae-d3e7-33cd6c1c662d}.Debug|Any CPU.ActiveCfg = Debug|Any CPU
		{b10135a1-8a5b-e1ae-d3e7-33cd6c1c662d}.Debug|Any CPU.Build.0 = Debug|Any CPU
		{c4ef5bff-d79f-8ca6-e2c2-76412616b6d9}.Debug|Any CPU.ActiveCfg = Debug|Any CPU
		{c4ef5bff-d79f-8ca6-e2c2-76412616b6d9}.Debug|Any CPU.Build.0 = Debug|Any CPU
		{90eca380-285f-d32d-8596-fddc724be73e}.Debug|Any CPU.ActiveCfg = Debug|Any CPU
		{90eca380-285f-d32d-8596-fddc724be73e}.Debug|Any CPU.Build.0 = Debug|Any CPU
		{db48eb9a-62b9-1ece-be57-40f287cddbc8}.Debug|Any CPU.ActiveCfg = Debug|Any CPU
		{db48eb9a-62b9-1ece-be57-40f287cddbc8}.Debug|Any CPU.Build.0 = Debug|Any CPU
		{bed040c0-ce45-fd8e-f3ea-ce8f20b39011}.Debug|Any CPU.ActiveCfg = Debug|Any CPU
		{bed040c0-ce45-fd8e-f3ea-ce8f20b39011}.Debug|Any CPU.Build.0 = Debug|Any CPU
		{98795c93-f334-b522-bac3-34129a017c5d}.Debug|Any CPU.ActiveCfg = Debug|Any CPU
		{98795c93-f334-b522-bac3-34129a017c5d}.Debug|Any CPU.Build.0 = Debug|Any CPU
		{ec30fd5d-a7af-ed91-6a00-454bbb1a96f3}.Debug|Any CPU.ActiveCfg = Debug|Any CPU
		{ec30fd5d-a7af-ed91-6a00-454bbb1a96f3}.Debug|Any CPU.Build.0 = Debug|Any CPU
		{c01a33c9-9620-95dc-71d4-9f498ad1546a}.Debug|Any CPU.ActiveCfg = Debug|Any CPU
		{c01a33c9-9620-95dc-71d4-9f498ad1546a}.Debug|Any CPU.Build.0 = Debug|Any CPU
		{53d4265e-c642-f816-4e00-9fdc0ad48b2c}.Debug|Any CPU.ActiveCfg = Debug|Any CPU
		{53d4265e-c642-f816-4e00-9fdc0ad48b2c}.Debug|Any CPU.Build.0 = Debug|Any CPU
		{07986f02-cdd3-16fa-1636-cdb4ed407d13}.Debug|Any CPU.ActiveCfg = Debug|Any CPU
		{07986f02-cdd3-16fa-1636-cdb4ed407d13}.Debug|Any CPU.Build.0 = Debug|Any CPU
		{68ebf2fa-ce74-5813-c6df-a50def2d2bfc}.Debug|Any CPU.ActiveCfg = Debug|Any CPU
		{68ebf2fa-ce74-5813-c6df-a50def2d2bfc}.Debug|Any CPU.Build.0 = Debug|Any CPU
		{c52cd691-ca00-346c-f051-289fc5640533}.Debug|Any CPU.ActiveCfg = Debug|Any CPU
		{c52cd691-ca00-346c-f051-289fc5640533}.Debug|Any CPU.Build.0 = Debug|Any CPU
	EndGlobalSection
	GlobalSection(SolutionProperties) = preSolution
		HideSolutionNode = FALSE
	EndGlobalSection
EndGlobal
