
Microsoft Visual Studio Solution File, Format Version 11.00
# Visual Studio 2010
Project("{FAE04EC0-301F-11D3-BF4B-00C04F79EFBC}") = "Svelto.Common", "Svelto.Common.csproj", "{0fcfcade-9d8a-3491-8dc9-4809d01abf2d}"
EndProject
Project("{FAE04EC0-301F-11D3-BF4B-00C04F79EFBC}") = "Assembly-CSharp", "Assembly-CSharp.csproj", "{39c458a5-37b7-6335-ec9f-0063223a9e2f}"
EndProject
Project("{FAE04EC0-301F-11D3-BF4B-00C04F79EFBC}") = "Svelto.ECS", "Svelto.ECS.csproj", "{78d7150b-de55-a44f-1b70-1771090f02eb}"
EndProject
Project("{FAE04EC0-301F-11D3-BF4B-00C04F79EFBC}") = "Svelto.ECS.GUI", "Svelto.ECS.GUI.csproj", "{273da2db-7dc2-94f4-5145-5a527a32c126}"
EndProject
Project("{FAE04EC0-301F-11D3-BF4B-00C04F79EFBC}") = "Svelto.ECS.Components.Unity", "Svelto.ECS.Components.Unity.csproj", "{2300c33d-70a6-57a5-ccf2-adc69a88b644}"
EndProject
Project("{FAE04EC0-301F-11D3-BF4B-00C04F79EFBC}") = "Svelto.Services", "Svelto.Services.csproj", "{73cc143d-fbc4-0f47-b889-46a0a7c98aa2}"
EndProject
Project("{FAE04EC0-301F-11D3-BF4B-00C04F79EFBC}") = "Svelto.Common", "Svelto.Common.Player.csproj", "{1ac4b20d-65fb-d912-c8b3-60c81d2f2df0}"
EndProject
Project("{FAE04EC0-301F-11D3-BF4B-00C04F79EFBC}") = "Assembly-CSharp", "Assembly-CSharp.Player.csproj", "{5c980c6d-61f9-1e96-990b-4f8268ba3568}"
EndProject
Project("{FAE04EC0-301F-11D3-BF4B-00C04F79EFBC}") = "Svelto.ECS", "Svelto.ECS.Player.csproj", "{83e84731-d2b7-2814-f0d3-df7bc5a8fb53}"
EndProject
Project("{FAE04EC0-301F-11D3-BF4B-00C04F79EFBC}") = "Svelto.ECS.GUI", "Svelto.ECS.GUI.Player.csproj", "{15a64e11-1037-7b15-77ab-d96c48160029}"
EndProject
Project("{FAE04EC0-301F-11D3-BF4B-00C04F79EFBC}") = "Svelto.ECS.Components.Unity", "Svelto.ECS.Components.Unity.Player.csproj", "{8f9ee375-8cfc-27fc-64f5-256d2cda6359}"
EndProject
Project("{FAE04EC0-301F-11D3-BF4B-00C04F79EFBC}") = "Svelto.Services", "Svelto.Services.Player.csproj", "{5f355b75-445c-cb3a-d529-febf907e0839}"
EndProject
Global
	GlobalSection(SolutionConfigurationPlatforms) = preSolution
		Debug|Any CPU = Debug|Any CPU
	EndGlobalSection
	GlobalSection(ProjectConfigurationPlatforms) = postSolution
		{0fcfcade-9d8a-3491-8dc9-4809d01abf2d}.Debug|Any CPU.ActiveCfg = Debug|Any CPU
		{0fcfcade-9d8a-3491-8dc9-4809d01abf2d}.Debug|Any CPU.Build.0 = Debug|Any CPU
		{39c458a5-37b7-6335-ec9f-0063223a9e2f}.Debug|Any CPU.ActiveCfg = Debug|Any CPU
		{39c458a5-37b7-6335-ec9f-0063223a9e2f}.Debug|Any CPU.Build.0 = Debug|Any CPU
		{78d7150b-de55-a44f-1b70-1771090f02eb}.Debug|Any CPU.ActiveCfg = Debug|Any CPU
		{78d7150b-de55-a44f-1b70-1771090f02eb}.Debug|Any CPU.Build.0 = Debug|Any CPU
		{273da2db-7dc2-94f4-5145-5a527a32c126}.Debug|Any CPU.ActiveCfg = Debug|Any CPU
		{273da2db-7dc2-94f4-5145-5a527a32c126}.Debug|Any CPU.Build.0 = Debug|Any CPU
		{2300c33d-70a6-57a5-ccf2-adc69a88b644}.Debug|Any CPU.ActiveCfg = Debug|Any CPU
		{2300c33d-70a6-57a5-ccf2-adc69a88b644}.Debug|Any CPU.Build.0 = Debug|Any CPU
		{73cc143d-fbc4-0f47-b889-46a0a7c98aa2}.Debug|Any CPU.ActiveCfg = Debug|Any CPU
		{73cc143d-fbc4-0f47-b889-46a0a7c98aa2}.Debug|Any CPU.Build.0 = Debug|Any CPU
		{1ac4b20d-65fb-d912-c8b3-60c81d2f2df0}.Debug|Any CPU.ActiveCfg = Debug|Any CPU
		{1ac4b20d-65fb-d912-c8b3-60c81d2f2df0}.Debug|Any CPU.Build.0 = Debug|Any CPU
		{5c980c6d-61f9-1e96-990b-4f8268ba3568}.Debug|Any CPU.ActiveCfg = Debug|Any CPU
		{5c980c6d-61f9-1e96-990b-4f8268ba3568}.Debug|Any CPU.Build.0 = Debug|Any CPU
		{83e84731-d2b7-2814-f0d3-df7bc5a8fb53}.Debug|Any CPU.ActiveCfg = Debug|Any CPU
		{83e84731-d2b7-2814-f0d3-df7bc5a8fb53}.Debug|Any CPU.Build.0 = Debug|Any CPU
		{15a64e11-1037-7b15-77ab-d96c48160029}.Debug|Any CPU.ActiveCfg = Debug|Any CPU
		{15a64e11-1037-7b15-77ab-d96c48160029}.Debug|Any CPU.Build.0 = Debug|Any CPU
		{8f9ee375-8cfc-27fc-64f5-256d2cda6359}.Debug|Any CPU.ActiveCfg = Debug|Any CPU
		{8f9ee375-8cfc-27fc-64f5-256d2cda6359}.Debug|Any CPU.Build.0 = Debug|Any CPU
		{5f355b75-445c-cb3a-d529-febf907e0839}.Debug|Any CPU.ActiveCfg = Debug|Any CPU
		{5f355b75-445c-cb3a-d529-febf907e0839}.Debug|Any CPU.Build.0 = Debug|Any CPU
	EndGlobalSection
	GlobalSection(SolutionProperties) = preSolution
		HideSolutionNode = FALSE
	EndGlobalSection
EndGlobal
