
Microsoft Visual Studio Solution File, Format Version 11.00
# Visual Studio 2010
Project("{FAE04EC0-301F-11D3-BF4B-00C04F79EFBC}") = "Unity.Timeline", "Unity.Timeline.csproj", "{7233368e-51ed-553b-c6ac-a58d41b3e738}"
EndProject
Project("{FAE04EC0-301F-11D3-BF4B-00C04F79EFBC}") = "UnityEngine.Advertisements.Editor", "UnityEngine.Advertisements.Editor.csproj", "{4ae6d168-7fdd-4d75-a10d-1abbaa8a483e}"
EndProject
Project("{FAE04EC0-301F-11D3-BF4B-00C04F79EFBC}") = "Assembly-CSharp", "Assembly-CSharp.csproj", "{35008821-cf9b-7976-d4c5-32dec82f9916}"
EndProject
Project("{FAE04EC0-301F-11D3-BF4B-00C04F79EFBC}") = "Unity.Services.Core.Internal", "Unity.Services.Core.Internal.csproj", "{508e67b1-24c5-6ec7-9ac3-85c91baaf8e7}"
EndProject
Project("{FAE04EC0-301F-11D3-BF4B-00C04F79EFBC}") = "Unity.ShaderGraph.Editor", "Unity.ShaderGraph.Editor.csproj", "{c66071fb-f90c-3912-b146-944559f813d6}"
EndProject
Project("{FAE04EC0-301F-11D3-BF4B-00C04F79EFBC}") = "Unity.PlasticSCM.Editor", "Unity.PlasticSCM.Editor.csproj", "{a405b378-eda0-58d4-5a4f-ab17b78d1812}"
EndProject
Project("{FAE04EC0-301F-11D3-BF4B-00C04F79EFBC}") = "Unity.RenderPipelines.Core.Runtime", "Unity.RenderPipelines.Core.Runtime.csproj", "{e6d71337-5c01-a358-b350-749c28d4229d}"
EndProject
Project("{FAE04EC0-301F-11D3-BF4B-00C04F79EFBC}") = "Unity.Mathematics", "Unity.Mathematics.csproj", "{7cbc28f0-01ad-800f-464d-22107a6d3f7f}"
EndProject
Project("{FAE04EC0-301F-11D3-BF4B-00C04F79EFBC}") = "Unity.Timeline.Editor", "Unity.Timeline.Editor.csproj", "{9c095666-5dc9-e737-322e-61cfcae75fd3}"
EndProject
Project("{FAE04EC0-301F-11D3-BF4B-00C04F79EFBC}") = "Unity.RenderPipelines.Core.Editor", "Unity.RenderPipelines.Core.Editor.csproj", "{20c1053a-5877-c3a0-b32c-fe42afb60a0c}"
EndProject
Project("{FAE04EC0-301F-11D3-BF4B-00C04F79EFBC}") = "Unity.Collections", "Unity.Collections.csproj", "{8ed5a0c3-d013-8521-6095-3a89b7f2febf}"
EndProject
Project("{FAE04EC0-301F-11D3-BF4B-00C04F79EFBC}") = "UnityEngine.Advertisements", "UnityEngine.Advertisements.csproj", "{35da2328-28e9-c934-3923-a828f51e93bc}"
EndProject
Project("{FAE04EC0-301F-11D3-BF4B-00C04F79EFBC}") = "UnityEngine.Purchasing.Stores", "UnityEngine.Purchasing.Stores.csproj", "{05327979-2751-22cf-785c-170d347ae65d}"
EndProject
Project("{FAE04EC0-301F-11D3-BF4B-00C04F79EFBC}") = "Unity.RenderPipelines.Universal.2D.Runtime", "Unity.RenderPipelines.Universal.2D.Runtime.csproj", "{2d9d2957-4d6e-5b3f-88e4-9ddf7aa4d3da}"
EndProject
Project("{FAE04EC0-301F-11D3-BF4B-00C04F79EFBC}") = "Unity.VisualScripting.Core.Editor", "Unity.VisualScripting.Core.Editor.csproj", "{842f6cea-9335-d476-46bb-c68350d2d286}"
EndProject
Project("{FAE04EC0-301F-11D3-BF4B-00C04F79EFBC}") = "Unity.RenderPipelines.Universal.Editor", "Unity.RenderPipelines.Universal.Editor.csproj", "{511ea1f0-a26c-0d7f-efbd-e74661038d4c}"
EndProject
Project("{FAE04EC0-301F-11D3-BF4B-00C04F79EFBC}") = "Unity.TextMeshPro.Editor", "Unity.TextMeshPro.Editor.csproj", "{ec571d89-fab4-3060-3d74-e3f42b95e484}"
EndProject
Project("{FAE04EC0-301F-11D3-BF4B-00C04F79EFBC}") = "UnityEngine.TestRunner", "UnityEngine.TestRunner.csproj", "{34c398bd-bc0b-7413-ee3d-fbe068020b15}"
EndProject
Project("{FAE04EC0-301F-11D3-BF4B-00C04F79EFBC}") = "SimpleWebTransport", "SimpleWebTransport.csproj", "{79adc7f7-7020-e04c-0e9a-68b37a7942d3}"
EndProject
Project("{FAE04EC0-301F-11D3-BF4B-00C04F79EFBC}") = "Unity.2D.Tilemap.Editor", "Unity.2D.Tilemap.Editor.csproj", "{e3777eab-46dd-4170-6ebb-f9f04aa51de7}"
EndProject
Project("{FAE04EC0-301F-11D3-BF4B-00C04F79EFBC}") = "Unity.Burst", "Unity.Burst.csproj", "{b589a4f4-d479-96b6-9bdb-cdbadf3159c2}"
EndProject
Project("{FAE04EC0-301F-11D3-BF4B-00C04F79EFBC}") = "Unity.Services.Core.Environments.Editor", "Unity.Services.Core.Environments.Editor.csproj", "{6401ccf4-3f93-401f-9854-e3ba3c35cdfe}"
EndProject
Project("{FAE04EC0-301F-11D3-BF4B-00C04F79EFBC}") = "Unity.VisualScripting.Flow.Editor", "Unity.VisualScripting.Flow.Editor.csproj", "{5be8331a-31a1-b28f-35eb-2034e4de5f34}"
EndProject
Project("{FAE04EC0-301F-11D3-BF4B-00C04F79EFBC}") = "Unity.VisualStudio.Editor", "Unity.VisualStudio.Editor.csproj", "{3c4cd88d-859e-8000-a28f-54cded2ee3c6}"
EndProject
Project("{FAE04EC0-301F-11D3-BF4B-00C04F79EFBC}") = "PPv2URPConverters", "PPv2URPConverters.csproj", "{55f3d8a1-6b88-10d2-2036-fa2afc4a8e32}"
EndProject
Project("{FAE04EC0-301F-11D3-BF4B-00C04F79EFBC}") = "Unity.Searcher.Editor", "Unity.Searcher.Editor.csproj", "{db6f590f-1948-13e0-ea4d-7ed6c690cc6e}"
EndProject
Project("{FAE04EC0-301F-11D3-BF4B-00C04F79EFBC}") = "Unity.Services.Core.Telemetry", "Unity.Services.Core.Telemetry.csproj", "{099f8cab-7951-22cd-dd86-7f3643ef9235}"
EndProject
Project("{FAE04EC0-301F-11D3-BF4B-00C04F79EFBC}") = "Unity.VisualScripting.Core", "Unity.VisualScripting.Core.csproj", "{93e052d1-43bb-0a48-73ab-e135c52e23c7}"
EndProject
Project("{FAE04EC0-301F-11D3-BF4B-00C04F79EFBC}") = "Unity.RenderPipelines.Universal.Runtime", "Unity.RenderPipelines.Universal.Runtime.csproj", "{1dc6d93f-03bc-ff56-f002-14dbe225415b}"
EndProject
Project("{FAE04EC0-301F-11D3-BF4B-00C04F79EFBC}") = "UnityEditor.TestRunner", "UnityEditor.TestRunner.csproj", "{b787a510-083f-4884-5968-a382c02bab87}"
EndProject
Project("{FAE04EC0-301F-11D3-BF4B-00C04F79EFBC}") = "Unity.AI.Navigation.Editor.ConversionSystem", "Unity.AI.Navigation.Editor.ConversionSystem.csproj", "{ee1011a5-8025-c637-ed4a-5b3924a1004a}"
EndProject
Project("{FAE04EC0-301F-11D3-BF4B-00C04F79EFBC}") = "Unity.VisualScripting.State.Editor", "Unity.VisualScripting.State.Editor.csproj", "{e61f2552-8037-7894-4b3d-a528e7f30b84}"
EndProject
Project("{FAE04EC0-301F-11D3-BF4B-00C04F79EFBC}") = "UnityEngine.Purchasing", "UnityEngine.Purchasing.csproj", "{a111b905-dd2f-7dfd-456e-b460f274ca85}"
EndProject
Project("{FAE04EC0-301F-11D3-BF4B-00C04F79EFBC}") = "UnityEngine.UI", "UnityEngine.UI.csproj", "{3a4225a5-a7b5-935a-dfc0-c1faca136faa}"
EndProject
Project("{FAE04EC0-301F-11D3-BF4B-00C04F79EFBC}") = "Unity.Services.Core.Editor", "Unity.Services.Core.Editor.csproj", "{aedd2b84-fb6e-e083-572e-ae6d2c1bced9}"
EndProject
Project("{FAE04EC0-301F-11D3-BF4B-00C04F79EFBC}") = "Unity.Burst.CodeGen", "Unity.Burst.CodeGen.csproj", "{5ea4f1af-81b1-1203-7add-b21906684a8d}"
EndProject
Project("{FAE04EC0-301F-11D3-BF4B-00C04F79EFBC}") = "Unity.Services.Core", "Unity.Services.Core.csproj", "{7de02b23-7635-b948-d895-1681d50ac7bf}"
EndProject
Project("{FAE04EC0-301F-11D3-BF4B-00C04F79EFBC}") = "Svelto.ECS", "Svelto.ECS.csproj", "{109ee7af-57ef-8ce7-eb79-93e5ed13ab19}"
EndProject
Project("{FAE04EC0-301F-11D3-BF4B-00C04F79EFBC}") = "Unity.VisualScripting.Flow", "Unity.VisualScripting.Flow.csproj", "{218d1d2c-a89f-edd8-5f55-ca3630344513}"
EndProject
Project("{FAE04EC0-301F-11D3-BF4B-00C04F79EFBC}") = "Unity.TextMeshPro", "Unity.TextMeshPro.csproj", "{7db1854d-2223-d0bd-258a-1ebfc361e425}"
EndProject
Project("{FAE04EC0-301F-11D3-BF4B-00C04F79EFBC}") = "UnityEditor.Purchasing", "UnityEditor.Purchasing.csproj", "{1f843459-8934-6813-ba4e-6953a6eaba92}"
EndProject
Project("{FAE04EC0-301F-11D3-BF4B-00C04F79EFBC}") = "Unity.Services.Analytics.Editor", "Unity.Services.Analytics.Editor.csproj", "{8487e116-be7a-9230-fe48-19b4a02c0e1c}"
EndProject
Project("{FAE04EC0-301F-11D3-BF4B-00C04F79EFBC}") = "UnityEditor.UI", "UnityEditor.UI.csproj", "{d49ee42c-ad5a-4583-8113-2a4aa303c1fd}"
EndProject
Project("{FAE04EC0-301F-11D3-BF4B-00C04F79EFBC}") = "Unity.Burst.Editor", "Unity.Burst.Editor.csproj", "{9e470f4d-7edb-3215-861e-ba320f6f2884}"
EndProject
Project("{FAE04EC0-301F-11D3-BF4B-00C04F79EFBC}") = "Tayx.Graphy", "Tayx.Graphy.csproj", "{0dd66fa6-85af-b69b-6c4c-5381350e7e7e}"
EndProject
Project("{FAE04EC0-301F-11D3-BF4B-00C04F79EFBC}") = "Svelto.Common", "Svelto.Common.csproj", "{9430fdb8-053c-c12d-4c4a-50155d2fd51a}"
EndProject
Project("{FAE04EC0-301F-11D3-BF4B-00C04F79EFBC}") = "Unity.Rider.Editor", "Unity.Rider.Editor.csproj", "{2b31f1f7-503a-d079-8ea0-c674a4609697}"
EndProject
Project("{FAE04EC0-301F-11D3-BF4B-00C04F79EFBC}") = "Unity.VisualScripting.State", "Unity.VisualScripting.State.csproj", "{d016a387-f0f8-6d8a-f490-7cb8816182cf}"
EndProject
Project("{FAE04EC0-301F-11D3-BF4B-00C04F79EFBC}") = "UnityEngine.Purchasing.AppleMacosStub", "UnityEngine.Purchasing.AppleMacosStub.csproj", "{4f79cb2a-b587-6ef9-f061-8f15ff934255}"
EndProject
Project("{FAE04EC0-301F-11D3-BF4B-00C04F79EFBC}") = "Unity.AI.Navigation.Updater", "Unity.AI.Navigation.Updater.csproj", "{1035aa20-eeb9-4f98-a0ae-8d5316a68d6e}"
EndProject
Project("{FAE04EC0-301F-11D3-BF4B-00C04F79EFBC}") = "UnityEngine.Purchasing.Codeless", "UnityEngine.Purchasing.Codeless.csproj", "{7283eecf-ecd8-03dc-f52d-23f8989d31f8}"
EndProject
Project("{FAE04EC0-301F-11D3-BF4B-00C04F79EFBC}") = "Unity.Services.Analytics", "Unity.Services.Analytics.csproj", "{649d78fc-0356-09db-5ef4-2d1977a0c5d4}"
EndProject
Project("{FAE04EC0-301F-11D3-BF4B-00C04F79EFBC}") = "Unity.Analytics.DataPrivacy", "Unity.Analytics.DataPrivacy.csproj", "{09f28ac4-8f3a-88da-7531-6e531c769d21}"
EndProject
Project("{FAE04EC0-301F-11D3-BF4B-00C04F79EFBC}") = "Unity.AI.Navigation.Editor", "Unity.AI.Navigation.Editor.csproj", "{0fc2c8bd-f610-6268-7e1a-311f4398b65a}"
EndProject
Project("{FAE04EC0-301F-11D3-BF4B-00C04F79EFBC}") = "Unity.2D.Sprite.Editor", "Unity.2D.Sprite.Editor.csproj", "{644db782-2764-1365-330c-a9caa54af4a3}"
EndProject
Project("{FAE04EC0-301F-11D3-BF4B-00C04F79EFBC}") = "UnityEngine.Advertisements.DevX.Editor", "UnityEngine.Advertisements.DevX.Editor.csproj", "{e6a85ec9-46e7-51dd-cb22-146ff7123f92}"
EndProject
Project("{FAE04EC0-301F-11D3-BF4B-00C04F79EFBC}") = "Unity.Services.Core.Configuration.Editor", "Unity.Services.Core.Configuration.Editor.csproj", "{c48b75cc-a1a7-3452-70aa-a71069ecd73c}"
EndProject
Project("{FAE04EC0-301F-11D3-BF4B-00C04F79EFBC}") = "Unity.Services.Core.Configuration", "Unity.Services.Core.Configuration.csproj", "{90d9f637-8024-ebb6-1d03-22ccdd420408}"
EndProject
Project("{FAE04EC0-301F-11D3-BF4B-00C04F79EFBC}") = "Unity.Services.Core.Environments.Internal", "Unity.Services.Core.Environments.Internal.csproj", "{0d34bd5e-cde3-832c-9391-1d72e59d7b7e}"
EndProject
Project("{FAE04EC0-301F-11D3-BF4B-00C04F79EFBC}") = "Unity.Services.Core.Scheduler", "Unity.Services.Core.Scheduler.csproj", "{4e0e1394-bb77-c6d0-472e-ef5eaced3fc1}"
EndProject
Project("{FAE04EC0-301F-11D3-BF4B-00C04F79EFBC}") = "Unity.AI.Navigation", "Unity.AI.Navigation.csproj", "{a5d801e6-932d-8272-6013-9f3cfc0bb79a}"
EndProject
Project("{FAE04EC0-301F-11D3-BF4B-00C04F79EFBC}") = "UnityEngine.Purchasing.SecurityCore", "UnityEngine.Purchasing.SecurityCore.csproj", "{551fe50a-aedf-157f-2ea2-ee83819c416d}"
EndProject
Project("{FAE04EC0-301F-11D3-BF4B-00C04F79EFBC}") = "Unity.Collections.CodeGen", "Unity.Collections.CodeGen.csproj", "{f73df779-3f71-78fb-a51d-ea2fa968906d}"
EndProject
Project("{FAE04EC0-301F-11D3-BF4B-00C04F79EFBC}") = "Unity.Mathematics.Editor", "Unity.Mathematics.Editor.csproj", "{30f9f9d5-60e7-e8dd-cafa-ee75a5acf627}"
EndProject
Project("{FAE04EC0-301F-11D3-BF4B-00C04F79EFBC}") = "Unity.VisualScripting.SettingsProvider.Editor", "Unity.VisualScripting.SettingsProvider.Editor.csproj", "{60ab2a5f-0dc4-4a86-c202-f88fc81d9385}"
EndProject
Project("{FAE04EC0-301F-11D3-BF4B-00C04F79EFBC}") = "UnityEditor.SpatialTracking", "UnityEditor.SpatialTracking.csproj", "{04009601-ede5-baa4-9c37-99f3c45b51e3}"
EndProject
Project("{FAE04EC0-301F-11D3-BF4B-00C04F79EFBC}") = "Purchasing.Common", "Purchasing.Common.csproj", "{b430a1af-4e06-37ab-bb60-695ff467ea6f}"
EndProject
Project("{FAE04EC0-301F-11D3-BF4B-00C04F79EFBC}") = "AkroGame.ECS.WebSocketWrapper", "AkroGame.ECS.WebSocketWrapper.csproj", "{8edde126-843e-ad26-dd6d-742b2f638189}"
EndProject
Project("{FAE04EC0-301F-11D3-BF4B-00C04F79EFBC}") = "Assembly-CSharp-Editor", "Assembly-CSharp-Editor.csproj", "{632c9513-87f8-1fe7-5f6d-76eb63eae460}"
EndProject
Project("{FAE04EC0-301F-11D3-BF4B-00C04F79EFBC}") = "Unity.Services.Core.Threading", "Unity.Services.Core.Threading.csproj", "{9ed9ebca-63ce-95f3-d09b-77a7b89b25c7}"
EndProject
Project("{FAE04EC0-301F-11D3-BF4B-00C04F79EFBC}") = "UnityEditor.XR.LegacyInputHelpers", "UnityEditor.XR.LegacyInputHelpers.csproj", "{9f9ece29-63ee-2215-c74b-d2b3981461a2}"
EndProject
Project("{FAE04EC0-301F-11D3-BF4B-00C04F79EFBC}") = "Unity.ShaderGraph.Utilities", "Unity.ShaderGraph.Utilities.csproj", "{eacb3c8f-e489-a926-697b-370a367f0859}"
EndProject
Project("{FAE04EC0-301F-11D3-BF4B-00C04F79EFBC}") = "Unity.VisualScripting.Shared.Editor", "Unity.VisualScripting.Shared.Editor.csproj", "{aa909eb2-c9b8-fea8-d95f-a23c467dfdfc}"
EndProject
Project("{FAE04EC0-301F-11D3-BF4B-00C04F79EFBC}") = "Tayx.Graphy.Editor", "Tayx.Graphy.Editor.csproj", "{fc3b756c-c7e9-a9db-ba86-9c9b64437711}"
EndProject
Project("{FAE04EC0-301F-11D3-BF4B-00C04F79EFBC}") = "Unity.Services.Core.Device", "Unity.Services.Core.Device.csproj", "{f84f1b3f-d9cd-1fbf-0d36-70ec0a2b1c55}"
EndProject
Project("{FAE04EC0-301F-11D3-BF4B-00C04F79EFBC}") = "Unity.Services.Core.Analytics", "Unity.Services.Core.Analytics.csproj", "{70f798e9-01cf-b8dd-0768-50c54bc32bf1}"
EndProject
Project("{FAE04EC0-301F-11D3-BF4B-00C04F79EFBC}") = "UnityEngine.Purchasing.AppleStub", "UnityEngine.Purchasing.AppleStub.csproj", "{b6d33ca8-331c-f3df-b362-61e9a92fe08b}"
EndProject
Project("{FAE04EC0-301F-11D3-BF4B-00C04F79EFBC}") = "UnityEngine.Purchasing.AppleCore", "UnityEngine.Purchasing.AppleCore.csproj", "{d0714539-40c6-0e54-e39c-c2a0c67085c1}"
EndProject
Project("{FAE04EC0-301F-11D3-BF4B-00C04F79EFBC}") = "Unity.Collections.DocCodeSamples", "Unity.Collections.DocCodeSamples.csproj", "{8f31108a-f598-151c-3164-9ef1567547e6}"
EndProject
Project("{FAE04EC0-301F-11D3-BF4B-00C04F79EFBC}") = "UnityEngine.Purchasing.SecurityStub", "UnityEngine.Purchasing.SecurityStub.csproj", "{6f2f4216-7f62-e8d8-d53f-6f30bc358f7e}"
EndProject
Project("{FAE04EC0-301F-11D3-BF4B-00C04F79EFBC}") = "Unity.RenderPipeline.Universal.ShaderLibrary", "Unity.RenderPipeline.Universal.ShaderLibrary.csproj", "{666d20b8-ff29-9dd7-27b5-be17690a177b}"
EndProject
Project("{FAE04EC0-301F-11D3-BF4B-00C04F79EFBC}") = "UnityEngine.Purchasing.WinRTStub", "UnityEngine.Purchasing.WinRTStub.csproj", "{45577885-3429-347d-af96-9b05576e55bd}"
EndProject
Project("{FAE04EC0-301F-11D3-BF4B-00C04F79EFBC}") = "UnityEngine.SpatialTracking", "UnityEngine.SpatialTracking.csproj", "{a97040cf-787f-9f03-57b2-142604befb02}"
EndProject
Project("{FAE04EC0-301F-11D3-BF4B-00C04F79EFBC}") = "Unity.Services.Core.Registration", "Unity.Services.Core.Registration.csproj", "{5b14f036-bd3f-a51d-a347-253d958724bc}"
EndProject
Project("{FAE04EC0-301F-11D3-BF4B-00C04F79EFBC}") = "UnityEngine.Purchasing.WinRTCore", "UnityEngine.Purchasing.WinRTCore.csproj", "{a271346f-a0ff-d4d4-1847-5916132935f3}"
EndProject
Project("{FAE04EC0-301F-11D3-BF4B-00C04F79EFBC}") = "UnityEngine.XR.LegacyInputHelpers", "UnityEngine.XR.LegacyInputHelpers.csproj", "{5b8f6c39-bb9b-04b3-2dbc-918c7317443e}"
EndProject
Project("{FAE04EC0-301F-11D3-BF4B-00C04F79EFBC}") = "Unity.CollabProxy.Editor", "Unity.CollabProxy.Editor.csproj", "{de7d4577-e49f-318d-e3df-eff5063a4100}"
EndProject
Project("{FAE04EC0-301F-11D3-BF4B-00C04F79EFBC}") = "Unity.RenderPipelines.Universal.Shaders", "Unity.RenderPipelines.Universal.Shaders.csproj", "{93306db2-23fe-d4ce-2741-0cc5dc960e86}"
EndProject
Project("{FAE04EC0-301F-11D3-BF4B-00C04F79EFBC}") = "Unity.Services.Core.Networking", "Unity.Services.Core.Networking.csproj", "{93b27519-a8f1-7a07-70ab-365bfc4ac427}"
EndProject
Project("{FAE04EC0-301F-11D3-BF4B-00C04F79EFBC}") = "Analytics", "Analytics.csproj", "{5e1137a4-a608-5b6d-4b7a-ace15a99d73e}"
EndProject
Project("{FAE04EC0-301F-11D3-BF4B-00C04F79EFBC}") = "Svelto.Pool.Debugger", "Svelto.Pool.Debugger.csproj", "{67b64687-8a26-c779-68e2-c7a5eb9cdf0a}"
EndProject
Project("{FAE04EC0-301F-11D3-BF4B-00C04F79EFBC}") = "Unity.Services.Core.Environments", "Unity.Services.Core.Environments.csproj", "{abb07fde-5147-9072-3fe0-401742b55c5b}"
EndProject
Project("{FAE04EC0-301F-11D3-BF4B-00C04F79EFBC}") = "Unity.Collections.Editor", "Unity.Collections.Editor.csproj", "{9c463353-a275-4d26-10ae-002f977da9c1}"
EndProject
Project("{FAE04EC0-301F-11D3-BF4B-00C04F79EFBC}") = "Unity.Collections.BurstCompatibilityGen", "Unity.Collections.BurstCompatibilityGen.csproj", "{5727ade6-3e98-b332-fdd6-2db2e5de25b8}"
EndProject
Project("{FAE04EC0-301F-11D3-BF4B-00C04F79EFBC}") = "Unity.RenderPipelines.ShaderGraph.ShaderGraphLibrary", "Unity.RenderPipelines.ShaderGraph.ShaderGraphLibrary.csproj", "{53e4e478-b64e-da6e-2b9e-f5a472f72fe4}"
EndProject
Project("{FAE04EC0-301F-11D3-BF4B-00C04F79EFBC}") = "Unity.RenderPipelines.Core.ShaderLibrary", "Unity.RenderPipelines.Core.ShaderLibrary.csproj", "{40e5534f-759f-4f3e-f942-9a354f1394fc}"
EndProject
Project("{FAE04EC0-301F-11D3-BF4B-00C04F79EFBC}") = "UnityEngine.UI.Tests", "UnityEngine.UI.Tests.csproj", "{e29906ef-f7ef-aa99-cdda-d7e728a2115d}"
EndProject
Project("{FAE04EC0-301F-11D3-BF4B-00C04F79EFBC}") = "UnityEngine.Purchasing.WinRT", "UnityEngine.Purchasing.WinRT.csproj", "{a6172529-38ef-3aff-f5e9-482096a7ff22}"
EndProject
Project("{FAE04EC0-301F-11D3-BF4B-00C04F79EFBC}") = "Unity.Burst.Tests.UnitTests", "Unity.Burst.Tests.UnitTests.csproj", "{21926e4e-a4e6-ccc7-8faf-3e7289039735}"
EndProject
Project("{FAE04EC0-301F-11D3-BF4B-00C04F79EFBC}") = "UnityEditor.UI.EditorTests", "UnityEditor.UI.EditorTests.csproj", "{68c639a2-7d1a-0fdb-5dc4-2b93d1a6a6dc}"
EndProject
Project("{FAE04EC0-301F-11D3-BF4B-00C04F79EFBC}") = "UnityEngine.Purchasing.Apple", "UnityEngine.Purchasing.Apple.csproj", "{00e13170-18fd-8f7e-075f-66340cbfc6e6}"
EndProject
Project("{FAE04EC0-301F-11D3-BF4B-00C04F79EFBC}") = "Unity.Mathematics.Tests", "Unity.Mathematics.Tests.csproj", "{983adc27-c22c-0631-2442-45318de84d83}"
EndProject
Project("{FAE04EC0-301F-11D3-BF4B-00C04F79EFBC}") = "Unity.Analytics.DataPrivacy.Tests", "Unity.Analytics.DataPrivacy.Tests.csproj", "{2692aa5b-b6a9-a789-c015-7fce839a52a5}"
EndProject
Project("{FAE04EC0-301F-11D3-BF4B-00C04F79EFBC}") = "UnityEngine.Advertisements.Editor.Tests", "UnityEngine.Advertisements.Editor.Tests.csproj", "{18be8863-b35d-242f-af76-14261a82d698}"
EndProject
Project("{FAE04EC0-301F-11D3-BF4B-00C04F79EFBC}") = "Unity.TextMeshPro.Tests", "Unity.TextMeshPro.Tests.csproj", "{223a9ab8-a5db-ad79-d3ad-1fa82f500bfc}"
EndProject
Project("{FAE04EC0-301F-11D3-BF4B-00C04F79EFBC}") = "Unity.RenderPipelines.Core.Editor.Tests", "Unity.RenderPipelines.Core.Editor.Tests.csproj", "{d8cb8ebf-d297-96ed-2113-9647c14dde26}"
EndProject
Project("{FAE04EC0-301F-11D3-BF4B-00C04F79EFBC}") = "Unity.RenderPipelines.Core.Runtime.Tests", "Unity.RenderPipelines.Core.Runtime.Tests.csproj", "{e63637ed-42bf-f85d-64d5-7ddd7209c37f}"
EndProject
Project("{FAE04EC0-301F-11D3-BF4B-00C04F79EFBC}") = "Unity.2D.Sprite.Package.EditorTests", "Unity.2D.Sprite.Package.EditorTests.csproj", "{507080c3-c8ac-d189-03ee-0eaa14fac058}"
EndProject
Project("{FAE04EC0-301F-11D3-BF4B-00C04F79EFBC}") = "Unity.2D.Tilemap.Package.EditorTests", "Unity.2D.Tilemap.Package.EditorTests.csproj", "{fd4477c5-600d-f146-bd05-eaec28dbb2fb}"
EndProject
Project("{FAE04EC0-301F-11D3-BF4B-00C04F79EFBC}") = "Unity.Burst.Editor.Tests", "Unity.Burst.Editor.Tests.csproj", "{804f6425-4e72-c52a-1cce-3d1110526df7}"
EndProject
Project("{FAE04EC0-301F-11D3-BF4B-00C04F79EFBC}") = "UnityEngine.Purchasing.Security", "UnityEngine.Purchasing.Security.csproj", "{3b43d5d3-fb5d-b088-9ebe-8f58fd0793dc}"
EndProject
Project("{FAE04EC0-301F-11D3-BF4B-00C04F79EFBC}") = "UnityEngine.Advertisements.Tests", "UnityEngine.Advertisements.Tests.csproj", "{88b97f2c-373b-61a0-9611-b3893065625b}"
EndProject
Project("{FAE04EC0-301F-11D3-BF4B-00C04F79EFBC}") = "Unity.Searcher.EditorTests", "Unity.Searcher.EditorTests.csproj", "{474066c5-4f65-628a-4ba2-a1db793e5c6a}"
EndProject
Project("{FAE04EC0-301F-11D3-BF4B-00C04F79EFBC}") = "Unity.Analytics.StandardEvents.EditorTests", "Unity.Analytics.StandardEvents.EditorTests.csproj", "{98ed725a-834c-5efc-c37d-0812c29c593b}"
EndProject
Project("{FAE04EC0-301F-11D3-BF4B-00C04F79EFBC}") = "Unity.RenderPipelines.Universal.Runtime.Tests", "Unity.RenderPipelines.Universal.Runtime.Tests.csproj", "{f7cfcd0d-3ade-6a1d-eef3-975f6c2abaf6}"
EndProject
Project("{FAE04EC0-301F-11D3-BF4B-00C04F79EFBC}") = "DocCodeExamples", "DocCodeExamples.csproj", "{b05dc4c9-ddb2-db8e-c1a8-2771e82f0e9a}"
EndProject
Project("{FAE04EC0-301F-11D3-BF4B-00C04F79EFBC}") = "Unity.RenderPipelines.Universal.Editor.Tests", "Unity.RenderPipelines.Universal.Editor.Tests.csproj", "{c1f639f1-0077-69dd-d37b-99a1525de44b}"
EndProject
Project("{FAE04EC0-301F-11D3-BF4B-00C04F79EFBC}") = "Unity.ShaderGraph.Editor.Tests", "Unity.ShaderGraph.Editor.Tests.csproj", "{fd109a5e-01b5-b6ba-3630-94a5d8543a9c}"
EndProject
Project("{FAE04EC0-301F-11D3-BF4B-00C04F79EFBC}") = "Unity.Collections.Tests", "Unity.Collections.Tests.csproj", "{71f0685b-3736-4052-054e-77913136838f}"
EndProject
Project("{FAE04EC0-301F-11D3-BF4B-00C04F79EFBC}") = "Unity.AI.Navigation.Tests", "Unity.AI.Navigation.Tests.csproj", "{8288503d-1524-98aa-760b-ef9e8db9511a}"
EndProject
Project("{FAE04EC0-301F-11D3-BF4B-00C04F79EFBC}") = "Unity.Nuget.Mono-Cecil", "Unity.Nuget.Mono-Cecil.csproj", "{7a24cef4-04ca-4001-6cc2-bb6a7ae6fb0d}"
EndProject
Project("{FAE04EC0-301F-11D3-BF4B-00C04F79EFBC}") = "UnityEditor.XR.LegacyInputHelpers.Tests", "UnityEditor.XR.LegacyInputHelpers.Tests.csproj", "{c02945de-9aa7-d725-6885-c6c7d240b445}"
EndProject
Project("{FAE04EC0-301F-11D3-BF4B-00C04F79EFBC}") = "Unity.TextMeshPro.Editor.Tests", "Unity.TextMeshPro.Editor.Tests.csproj", "{3b125bc5-d4b6-4d8c-bfdf-fb19a34e5ac6}"
EndProject
Project("{FAE04EC0-301F-11D3-BF4B-00C04F79EFBC}") = "UnityEngine.Purchasing.AppleMacos", "UnityEngine.Purchasing.AppleMacos.csproj", "{af60145a-3260-e8d9-95b3-9eeda6f0d8a0}"
EndProject
Project("{FAE04EC0-301F-11D3-BF4B-00C04F79EFBC}") = "UnityEngine.SpatialTracking.Tests", "UnityEngine.SpatialTracking.Tests.csproj", "{f7e6a855-07a2-85a7-79b4-72749a640b7f}"
EndProject
Project("{FAE04EC0-301F-11D3-BF4B-00C04F79EFBC}") = "Unity.AI.Navigation.Editor.Tests", "Unity.AI.Navigation.Editor.Tests.csproj", "{b73807dd-1130-09cd-5f54-baf94da8abc8}"
EndProject
Project("{FAE04EC0-301F-11D3-BF4B-00C04F79EFBC}") = "Assembly-CSharp-firstpass", "Assembly-CSharp-firstpass.csproj", "{5262de29-3f51-ab72-45d6-b8d895016360}"
EndProject
Project("{FAE04EC0-301F-11D3-BF4B-00C04F79EFBC}") = "Unity.Collections.Tests.Playmode", "Unity.Collections.Tests.Playmode.csproj", "{d95775d2-6fed-2f79-68fc-7efc340a8606}"
EndProject
Project("{FAE04EC0-301F-11D3-BF4B-00C04F79EFBC}") = "SeparateAssembly", "SeparateAssembly.csproj", "{def93d72-628d-f7d8-d14c-2bb869f6eee3}"
EndProject
Project("{FAE04EC0-301F-11D3-BF4B-00C04F79EFBC}") = "OverloadedFunctionPointers", "OverloadedFunctionPointers.csproj", "{6e2840e3-14da-bf91-4095-636433490d19}"
EndProject
Global
	GlobalSection(SolutionConfigurationPlatforms) = preSolution
		Debug|Any CPU = Debug|Any CPU
	EndGlobalSection
	GlobalSection(ProjectConfigurationPlatforms) = postSolution
		{7233368e-51ed-553b-c6ac-a58d41b3e738}.Debug|Any CPU.ActiveCfg = Debug|Any CPU
		{7233368e-51ed-553b-c6ac-a58d41b3e738}.Debug|Any CPU.Build.0 = Debug|Any CPU
		{4ae6d168-7fdd-4d75-a10d-1abbaa8a483e}.Debug|Any CPU.ActiveCfg = Debug|Any CPU
		{4ae6d168-7fdd-4d75-a10d-1abbaa8a483e}.Debug|Any CPU.Build.0 = Debug|Any CPU
		{35008821-cf9b-7976-d4c5-32dec82f9916}.Debug|Any CPU.ActiveCfg = Debug|Any CPU
		{35008821-cf9b-7976-d4c5-32dec82f9916}.Debug|Any CPU.Build.0 = Debug|Any CPU
		{508e67b1-24c5-6ec7-9ac3-85c91baaf8e7}.Debug|Any CPU.ActiveCfg = Debug|Any CPU
		{508e67b1-24c5-6ec7-9ac3-85c91baaf8e7}.Debug|Any CPU.Build.0 = Debug|Any CPU
		{c66071fb-f90c-3912-b146-944559f813d6}.Debug|Any CPU.ActiveCfg = Debug|Any CPU
		{c66071fb-f90c-3912-b146-944559f813d6}.Debug|Any CPU.Build.0 = Debug|Any CPU
		{a405b378-eda0-58d4-5a4f-ab17b78d1812}.Debug|Any CPU.ActiveCfg = Debug|Any CPU
		{a405b378-eda0-58d4-5a4f-ab17b78d1812}.Debug|Any CPU.Build.0 = Debug|Any CPU
		{e6d71337-5c01-a358-b350-749c28d4229d}.Debug|Any CPU.ActiveCfg = Debug|Any CPU
		{e6d71337-5c01-a358-b350-749c28d4229d}.Debug|Any CPU.Build.0 = Debug|Any CPU
		{7cbc28f0-01ad-800f-464d-22107a6d3f7f}.Debug|Any CPU.ActiveCfg = Debug|Any CPU
		{7cbc28f0-01ad-800f-464d-22107a6d3f7f}.Debug|Any CPU.Build.0 = Debug|Any CPU
		{9c095666-5dc9-e737-322e-61cfcae75fd3}.Debug|Any CPU.ActiveCfg = Debug|Any CPU
		{9c095666-5dc9-e737-322e-61cfcae75fd3}.Debug|Any CPU.Build.0 = Debug|Any CPU
		{20c1053a-5877-c3a0-b32c-fe42afb60a0c}.Debug|Any CPU.ActiveCfg = Debug|Any CPU
		{20c1053a-5877-c3a0-b32c-fe42afb60a0c}.Debug|Any CPU.Build.0 = Debug|Any CPU
		{8ed5a0c3-d013-8521-6095-3a89b7f2febf}.Debug|Any CPU.ActiveCfg = Debug|Any CPU
		{8ed5a0c3-d013-8521-6095-3a89b7f2febf}.Debug|Any CPU.Build.0 = Debug|Any CPU
		{35da2328-28e9-c934-3923-a828f51e93bc}.Debug|Any CPU.ActiveCfg = Debug|Any CPU
		{35da2328-28e9-c934-3923-a828f51e93bc}.Debug|Any CPU.Build.0 = Debug|Any CPU
		{05327979-2751-22cf-785c-170d347ae65d}.Debug|Any CPU.ActiveCfg = Debug|Any CPU
		{05327979-2751-22cf-785c-170d347ae65d}.Debug|Any CPU.Build.0 = Debug|Any CPU
		{2d9d2957-4d6e-5b3f-88e4-9ddf7aa4d3da}.Debug|Any CPU.ActiveCfg = Debug|Any CPU
		{2d9d2957-4d6e-5b3f-88e4-9ddf7aa4d3da}.Debug|Any CPU.Build.0 = Debug|Any CPU
		{842f6cea-9335-d476-46bb-c68350d2d286}.Debug|Any CPU.ActiveCfg = Debug|Any CPU
		{842f6cea-9335-d476-46bb-c68350d2d286}.Debug|Any CPU.Build.0 = Debug|Any CPU
		{511ea1f0-a26c-0d7f-efbd-e74661038d4c}.Debug|Any CPU.ActiveCfg = Debug|Any CPU
		{511ea1f0-a26c-0d7f-efbd-e74661038d4c}.Debug|Any CPU.Build.0 = Debug|Any CPU
		{ec571d89-fab4-3060-3d74-e3f42b95e484}.Debug|Any CPU.ActiveCfg = Debug|Any CPU
		{ec571d89-fab4-3060-3d74-e3f42b95e484}.Debug|Any CPU.Build.0 = Debug|Any CPU
		{34c398bd-bc0b-7413-ee3d-fbe068020b15}.Debug|Any CPU.ActiveCfg = Debug|Any CPU
		{34c398bd-bc0b-7413-ee3d-fbe068020b15}.Debug|Any CPU.Build.0 = Debug|Any CPU
		{79adc7f7-7020-e04c-0e9a-68b37a7942d3}.Debug|Any CPU.ActiveCfg = Debug|Any CPU
		{79adc7f7-7020-e04c-0e9a-68b37a7942d3}.Debug|Any CPU.Build.0 = Debug|Any CPU
		{e3777eab-46dd-4170-6ebb-f9f04aa51de7}.Debug|Any CPU.ActiveCfg = Debug|Any CPU
		{e3777eab-46dd-4170-6ebb-f9f04aa51de7}.Debug|Any CPU.Build.0 = Debug|Any CPU
		{b589a4f4-d479-96b6-9bdb-cdbadf3159c2}.Debug|Any CPU.ActiveCfg = Debug|Any CPU
		{b589a4f4-d479-96b6-9bdb-cdbadf3159c2}.Debug|Any CPU.Build.0 = Debug|Any CPU
		{6401ccf4-3f93-401f-9854-e3ba3c35cdfe}.Debug|Any CPU.ActiveCfg = Debug|Any CPU
		{6401ccf4-3f93-401f-9854-e3ba3c35cdfe}.Debug|Any CPU.Build.0 = Debug|Any CPU
		{5be8331a-31a1-b28f-35eb-2034e4de5f34}.Debug|Any CPU.ActiveCfg = Debug|Any CPU
		{5be8331a-31a1-b28f-35eb-2034e4de5f34}.Debug|Any CPU.Build.0 = Debug|Any CPU
		{3c4cd88d-859e-8000-a28f-54cded2ee3c6}.Debug|Any CPU.ActiveCfg = Debug|Any CPU
		{3c4cd88d-859e-8000-a28f-54cded2ee3c6}.Debug|Any CPU.Build.0 = Debug|Any CPU
		{55f3d8a1-6b88-10d2-2036-fa2afc4a8e32}.Debug|Any CPU.ActiveCfg = Debug|Any CPU
		{55f3d8a1-6b88-10d2-2036-fa2afc4a8e32}.Debug|Any CPU.Build.0 = Debug|Any CPU
		{db6f590f-1948-13e0-ea4d-7ed6c690cc6e}.Debug|Any CPU.ActiveCfg = Debug|Any CPU
		{db6f590f-1948-13e0-ea4d-7ed6c690cc6e}.Debug|Any CPU.Build.0 = Debug|Any CPU
		{099f8cab-7951-22cd-dd86-7f3643ef9235}.Debug|Any CPU.ActiveCfg = Debug|Any CPU
		{099f8cab-7951-22cd-dd86-7f3643ef9235}.Debug|Any CPU.Build.0 = Debug|Any CPU
		{93e052d1-43bb-0a48-73ab-e135c52e23c7}.Debug|Any CPU.ActiveCfg = Debug|Any CPU
		{93e052d1-43bb-0a48-73ab-e135c52e23c7}.Debug|Any CPU.Build.0 = Debug|Any CPU
		{1dc6d93f-03bc-ff56-f002-14dbe225415b}.Debug|Any CPU.ActiveCfg = Debug|Any CPU
		{1dc6d93f-03bc-ff56-f002-14dbe225415b}.Debug|Any CPU.Build.0 = Debug|Any CPU
		{b787a510-083f-4884-5968-a382c02bab87}.Debug|Any CPU.ActiveCfg = Debug|Any CPU
		{b787a510-083f-4884-5968-a382c02bab87}.Debug|Any CPU.Build.0 = Debug|Any CPU
		{ee1011a5-8025-c637-ed4a-5b3924a1004a}.Debug|Any CPU.ActiveCfg = Debug|Any CPU
		{ee1011a5-8025-c637-ed4a-5b3924a1004a}.Debug|Any CPU.Build.0 = Debug|Any CPU
		{e61f2552-8037-7894-4b3d-a528e7f30b84}.Debug|Any CPU.ActiveCfg = Debug|Any CPU
		{e61f2552-8037-7894-4b3d-a528e7f30b84}.Debug|Any CPU.Build.0 = Debug|Any CPU
		{a111b905-dd2f-7dfd-456e-b460f274ca85}.Debug|Any CPU.ActiveCfg = Debug|Any CPU
		{a111b905-dd2f-7dfd-456e-b460f274ca85}.Debug|Any CPU.Build.0 = Debug|Any CPU
		{3a4225a5-a7b5-935a-dfc0-c1faca136faa}.Debug|Any CPU.ActiveCfg = Debug|Any CPU
		{3a4225a5-a7b5-935a-dfc0-c1faca136faa}.Debug|Any CPU.Build.0 = Debug|Any CPU
		{aedd2b84-fb6e-e083-572e-ae6d2c1bced9}.Debug|Any CPU.ActiveCfg = Debug|Any CPU
		{aedd2b84-fb6e-e083-572e-ae6d2c1bced9}.Debug|Any CPU.Build.0 = Debug|Any CPU
		{5ea4f1af-81b1-1203-7add-b21906684a8d}.Debug|Any CPU.ActiveCfg = Debug|Any CPU
		{5ea4f1af-81b1-1203-7add-b21906684a8d}.Debug|Any CPU.Build.0 = Debug|Any CPU
		{7de02b23-7635-b948-d895-1681d50ac7bf}.Debug|Any CPU.ActiveCfg = Debug|Any CPU
		{7de02b23-7635-b948-d895-1681d50ac7bf}.Debug|Any CPU.Build.0 = Debug|Any CPU
		{109ee7af-57ef-8ce7-eb79-93e5ed13ab19}.Debug|Any CPU.ActiveCfg = Debug|Any CPU
		{109ee7af-57ef-8ce7-eb79-93e5ed13ab19}.Debug|Any CPU.Build.0 = Debug|Any CPU
		{218d1d2c-a89f-edd8-5f55-ca3630344513}.Debug|Any CPU.ActiveCfg = Debug|Any CPU
		{218d1d2c-a89f-edd8-5f55-ca3630344513}.Debug|Any CPU.Build.0 = Debug|Any CPU
		{7db1854d-2223-d0bd-258a-1ebfc361e425}.Debug|Any CPU.ActiveCfg = Debug|Any CPU
		{7db1854d-2223-d0bd-258a-1ebfc361e425}.Debug|Any CPU.Build.0 = Debug|Any CPU
		{1f843459-8934-6813-ba4e-6953a6eaba92}.Debug|Any CPU.ActiveCfg = Debug|Any CPU
		{1f843459-8934-6813-ba4e-6953a6eaba92}.Debug|Any CPU.Build.0 = Debug|Any CPU
		{8487e116-be7a-9230-fe48-19b4a02c0e1c}.Debug|Any CPU.ActiveCfg = Debug|Any CPU
		{8487e116-be7a-9230-fe48-19b4a02c0e1c}.Debug|Any CPU.Build.0 = Debug|Any CPU
		{d49ee42c-ad5a-4583-8113-2a4aa303c1fd}.Debug|Any CPU.ActiveCfg = Debug|Any CPU
		{d49ee42c-ad5a-4583-8113-2a4aa303c1fd}.Debug|Any CPU.Build.0 = Debug|Any CPU
		{9e470f4d-7edb-3215-861e-ba320f6f2884}.Debug|Any CPU.ActiveCfg = Debug|Any CPU
		{9e470f4d-7edb-3215-861e-ba320f6f2884}.Debug|Any CPU.Build.0 = Debug|Any CPU
		{0dd66fa6-85af-b69b-6c4c-5381350e7e7e}.Debug|Any CPU.ActiveCfg = Debug|Any CPU
		{0dd66fa6-85af-b69b-6c4c-5381350e7e7e}.Debug|Any CPU.Build.0 = Debug|Any CPU
		{9430fdb8-053c-c12d-4c4a-50155d2fd51a}.Debug|Any CPU.ActiveCfg = Debug|Any CPU
		{9430fdb8-053c-c12d-4c4a-50155d2fd51a}.Debug|Any CPU.Build.0 = Debug|Any CPU
		{2b31f1f7-503a-d079-8ea0-c674a4609697}.Debug|Any CPU.ActiveCfg = Debug|Any CPU
		{2b31f1f7-503a-d079-8ea0-c674a4609697}.Debug|Any CPU.Build.0 = Debug|Any CPU
		{d016a387-f0f8-6d8a-f490-7cb8816182cf}.Debug|Any CPU.ActiveCfg = Debug|Any CPU
		{d016a387-f0f8-6d8a-f490-7cb8816182cf}.Debug|Any CPU.Build.0 = Debug|Any CPU
		{4f79cb2a-b587-6ef9-f061-8f15ff934255}.Debug|Any CPU.ActiveCfg = Debug|Any CPU
		{4f79cb2a-b587-6ef9-f061-8f15ff934255}.Debug|Any CPU.Build.0 = Debug|Any CPU
		{1035aa20-eeb9-4f98-a0ae-8d5316a68d6e}.Debug|Any CPU.ActiveCfg = Debug|Any CPU
		{1035aa20-eeb9-4f98-a0ae-8d5316a68d6e}.Debug|Any CPU.Build.0 = Debug|Any CPU
		{7283eecf-ecd8-03dc-f52d-23f8989d31f8}.Debug|Any CPU.ActiveCfg = Debug|Any CPU
		{7283eecf-ecd8-03dc-f52d-23f8989d31f8}.Debug|Any CPU.Build.0 = Debug|Any CPU
		{649d78fc-0356-09db-5ef4-2d1977a0c5d4}.Debug|Any CPU.ActiveCfg = Debug|Any CPU
		{649d78fc-0356-09db-5ef4-2d1977a0c5d4}.Debug|Any CPU.Build.0 = Debug|Any CPU
		{09f28ac4-8f3a-88da-7531-6e531c769d21}.Debug|Any CPU.ActiveCfg = Debug|Any CPU
		{09f28ac4-8f3a-88da-7531-6e531c769d21}.Debug|Any CPU.Build.0 = Debug|Any CPU
		{0fc2c8bd-f610-6268-7e1a-311f4398b65a}.Debug|Any CPU.ActiveCfg = Debug|Any CPU
		{0fc2c8bd-f610-6268-7e1a-311f4398b65a}.Debug|Any CPU.Build.0 = Debug|Any CPU
		{644db782-2764-1365-330c-a9caa54af4a3}.Debug|Any CPU.ActiveCfg = Debug|Any CPU
		{644db782-2764-1365-330c-a9caa54af4a3}.Debug|Any CPU.Build.0 = Debug|Any CPU
		{e6a85ec9-46e7-51dd-cb22-146ff7123f92}.Debug|Any CPU.ActiveCfg = Debug|Any CPU
		{e6a85ec9-46e7-51dd-cb22-146ff7123f92}.Debug|Any CPU.Build.0 = Debug|Any CPU
		{c48b75cc-a1a7-3452-70aa-a71069ecd73c}.Debug|Any CPU.ActiveCfg = Debug|Any CPU
		{c48b75cc-a1a7-3452-70aa-a71069ecd73c}.Debug|Any CPU.Build.0 = Debug|Any CPU
		{90d9f637-8024-ebb6-1d03-22ccdd420408}.Debug|Any CPU.ActiveCfg = Debug|Any CPU
		{90d9f637-8024-ebb6-1d03-22ccdd420408}.Debug|Any CPU.Build.0 = Debug|Any CPU
		{0d34bd5e-cde3-832c-9391-1d72e59d7b7e}.Debug|Any CPU.ActiveCfg = Debug|Any CPU
		{0d34bd5e-cde3-832c-9391-1d72e59d7b7e}.Debug|Any CPU.Build.0 = Debug|Any CPU
		{4e0e1394-bb77-c6d0-472e-ef5eaced3fc1}.Debug|Any CPU.ActiveCfg = Debug|Any CPU
		{4e0e1394-bb77-c6d0-472e-ef5eaced3fc1}.Debug|Any CPU.Build.0 = Debug|Any CPU
		{a5d801e6-932d-8272-6013-9f3cfc0bb79a}.Debug|Any CPU.ActiveCfg = Debug|Any CPU
		{a5d801e6-932d-8272-6013-9f3cfc0bb79a}.Debug|Any CPU.Build.0 = Debug|Any CPU
		{551fe50a-aedf-157f-2ea2-ee83819c416d}.Debug|Any CPU.ActiveCfg = Debug|Any CPU
		{551fe50a-aedf-157f-2ea2-ee83819c416d}.Debug|Any CPU.Build.0 = Debug|Any CPU
		{f73df779-3f71-78fb-a51d-ea2fa968906d}.Debug|Any CPU.ActiveCfg = Debug|Any CPU
		{f73df779-3f71-78fb-a51d-ea2fa968906d}.Debug|Any CPU.Build.0 = Debug|Any CPU
		{30f9f9d5-60e7-e8dd-cafa-ee75a5acf627}.Debug|Any CPU.ActiveCfg = Debug|Any CPU
		{30f9f9d5-60e7-e8dd-cafa-ee75a5acf627}.Debug|Any CPU.Build.0 = Debug|Any CPU
		{60ab2a5f-0dc4-4a86-c202-f88fc81d9385}.Debug|Any CPU.ActiveCfg = Debug|Any CPU
		{60ab2a5f-0dc4-4a86-c202-f88fc81d9385}.Debug|Any CPU.Build.0 = Debug|Any CPU
		{04009601-ede5-baa4-9c37-99f3c45b51e3}.Debug|Any CPU.ActiveCfg = Debug|Any CPU
		{04009601-ede5-baa4-9c37-99f3c45b51e3}.Debug|Any CPU.Build.0 = Debug|Any CPU
		{b430a1af-4e06-37ab-bb60-695ff467ea6f}.Debug|Any CPU.ActiveCfg = Debug|Any CPU
		{b430a1af-4e06-37ab-bb60-695ff467ea6f}.Debug|Any CPU.Build.0 = Debug|Any CPU
		{8edde126-843e-ad26-dd6d-742b2f638189}.Debug|Any CPU.ActiveCfg = Debug|Any CPU
		{8edde126-843e-ad26-dd6d-742b2f638189}.Debug|Any CPU.Build.0 = Debug|Any CPU
		{632c9513-87f8-1fe7-5f6d-76eb63eae460}.Debug|Any CPU.ActiveCfg = Debug|Any CPU
		{632c9513-87f8-1fe7-5f6d-76eb63eae460}.Debug|Any CPU.Build.0 = Debug|Any CPU
		{9ed9ebca-63ce-95f3-d09b-77a7b89b25c7}.Debug|Any CPU.ActiveCfg = Debug|Any CPU
		{9ed9ebca-63ce-95f3-d09b-77a7b89b25c7}.Debug|Any CPU.Build.0 = Debug|Any CPU
		{9f9ece29-63ee-2215-c74b-d2b3981461a2}.Debug|Any CPU.ActiveCfg = Debug|Any CPU
		{9f9ece29-63ee-2215-c74b-d2b3981461a2}.Debug|Any CPU.Build.0 = Debug|Any CPU
		{eacb3c8f-e489-a926-697b-370a367f0859}.Debug|Any CPU.ActiveCfg = Debug|Any CPU
		{eacb3c8f-e489-a926-697b-370a367f0859}.Debug|Any CPU.Build.0 = Debug|Any CPU
		{aa909eb2-c9b8-fea8-d95f-a23c467dfdfc}.Debug|Any CPU.ActiveCfg = Debug|Any CPU
		{aa909eb2-c9b8-fea8-d95f-a23c467dfdfc}.Debug|Any CPU.Build.0 = Debug|Any CPU
		{fc3b756c-c7e9-a9db-ba86-9c9b64437711}.Debug|Any CPU.ActiveCfg = Debug|Any CPU
		{fc3b756c-c7e9-a9db-ba86-9c9b64437711}.Debug|Any CPU.Build.0 = Debug|Any CPU
		{f84f1b3f-d9cd-1fbf-0d36-70ec0a2b1c55}.Debug|Any CPU.ActiveCfg = Debug|Any CPU
		{f84f1b3f-d9cd-1fbf-0d36-70ec0a2b1c55}.Debug|Any CPU.Build.0 = Debug|Any CPU
		{70f798e9-01cf-b8dd-0768-50c54bc32bf1}.Debug|Any CPU.ActiveCfg = Debug|Any CPU
		{70f798e9-01cf-b8dd-0768-50c54bc32bf1}.Debug|Any CPU.Build.0 = Debug|Any CPU
		{b6d33ca8-331c-f3df-b362-61e9a92fe08b}.Debug|Any CPU.ActiveCfg = Debug|Any CPU
		{b6d33ca8-331c-f3df-b362-61e9a92fe08b}.Debug|Any CPU.Build.0 = Debug|Any CPU
		{d0714539-40c6-0e54-e39c-c2a0c67085c1}.Debug|Any CPU.ActiveCfg = Debug|Any CPU
		{d0714539-40c6-0e54-e39c-c2a0c67085c1}.Debug|Any CPU.Build.0 = Debug|Any CPU
		{8f31108a-f598-151c-3164-9ef1567547e6}.Debug|Any CPU.ActiveCfg = Debug|Any CPU
		{8f31108a-f598-151c-3164-9ef1567547e6}.Debug|Any CPU.Build.0 = Debug|Any CPU
		{6f2f4216-7f62-e8d8-d53f-6f30bc358f7e}.Debug|Any CPU.ActiveCfg = Debug|Any CPU
		{6f2f4216-7f62-e8d8-d53f-6f30bc358f7e}.Debug|Any CPU.Build.0 = Debug|Any CPU
		{666d20b8-ff29-9dd7-27b5-be17690a177b}.Debug|Any CPU.ActiveCfg = Debug|Any CPU
		{666d20b8-ff29-9dd7-27b5-be17690a177b}.Debug|Any CPU.Build.0 = Debug|Any CPU
		{45577885-3429-347d-af96-9b05576e55bd}.Debug|Any CPU.ActiveCfg = Debug|Any CPU
		{45577885-3429-347d-af96-9b05576e55bd}.Debug|Any CPU.Build.0 = Debug|Any CPU
		{a97040cf-787f-9f03-57b2-142604befb02}.Debug|Any CPU.ActiveCfg = Debug|Any CPU
		{a97040cf-787f-9f03-57b2-142604befb02}.Debug|Any CPU.Build.0 = Debug|Any CPU
		{5b14f036-bd3f-a51d-a347-253d958724bc}.Debug|Any CPU.ActiveCfg = Debug|Any CPU
		{5b14f036-bd3f-a51d-a347-253d958724bc}.Debug|Any CPU.Build.0 = Debug|Any CPU
		{a271346f-a0ff-d4d4-1847-5916132935f3}.Debug|Any CPU.ActiveCfg = Debug|Any CPU
		{a271346f-a0ff-d4d4-1847-5916132935f3}.Debug|Any CPU.Build.0 = Debug|Any CPU
		{5b8f6c39-bb9b-04b3-2dbc-918c7317443e}.Debug|Any CPU.ActiveCfg = Debug|Any CPU
		{5b8f6c39-bb9b-04b3-2dbc-918c7317443e}.Debug|Any CPU.Build.0 = Debug|Any CPU
		{de7d4577-e49f-318d-e3df-eff5063a4100}.Debug|Any CPU.ActiveCfg = Debug|Any CPU
		{de7d4577-e49f-318d-e3df-eff5063a4100}.Debug|Any CPU.Build.0 = Debug|Any CPU
		{93306db2-23fe-d4ce-2741-0cc5dc960e86}.Debug|Any CPU.ActiveCfg = Debug|Any CPU
		{93306db2-23fe-d4ce-2741-0cc5dc960e86}.Debug|Any CPU.Build.0 = Debug|Any CPU
		{93b27519-a8f1-7a07-70ab-365bfc4ac427}.Debug|Any CPU.ActiveCfg = Debug|Any CPU
		{93b27519-a8f1-7a07-70ab-365bfc4ac427}.Debug|Any CPU.Build.0 = Debug|Any CPU
		{5e1137a4-a608-5b6d-4b7a-ace15a99d73e}.Debug|Any CPU.ActiveCfg = Debug|Any CPU
		{5e1137a4-a608-5b6d-4b7a-ace15a99d73e}.Debug|Any CPU.Build.0 = Debug|Any CPU
		{67b64687-8a26-c779-68e2-c7a5eb9cdf0a}.Debug|Any CPU.ActiveCfg = Debug|Any CPU
		{67b64687-8a26-c779-68e2-c7a5eb9cdf0a}.Debug|Any CPU.Build.0 = Debug|Any CPU
		{abb07fde-5147-9072-3fe0-401742b55c5b}.Debug|Any CPU.ActiveCfg = Debug|Any CPU
		{abb07fde-5147-9072-3fe0-401742b55c5b}.Debug|Any CPU.Build.0 = Debug|Any CPU
		{9c463353-a275-4d26-10ae-002f977da9c1}.Debug|Any CPU.ActiveCfg = Debug|Any CPU
		{9c463353-a275-4d26-10ae-002f977da9c1}.Debug|Any CPU.Build.0 = Debug|Any CPU
		{5727ade6-3e98-b332-fdd6-2db2e5de25b8}.Debug|Any CPU.ActiveCfg = Debug|Any CPU
		{5727ade6-3e98-b332-fdd6-2db2e5de25b8}.Debug|Any CPU.Build.0 = Debug|Any CPU
		{53e4e478-b64e-da6e-2b9e-f5a472f72fe4}.Debug|Any CPU.ActiveCfg = Debug|Any CPU
		{53e4e478-b64e-da6e-2b9e-f5a472f72fe4}.Debug|Any CPU.Build.0 = Debug|Any CPU
		{40e5534f-759f-4f3e-f942-9a354f1394fc}.Debug|Any CPU.ActiveCfg = Debug|Any CPU
		{40e5534f-759f-4f3e-f942-9a354f1394fc}.Debug|Any CPU.Build.0 = Debug|Any CPU
		{e29906ef-f7ef-aa99-cdda-d7e728a2115d}.Debug|Any CPU.ActiveCfg = Debug|Any CPU
		{e29906ef-f7ef-aa99-cdda-d7e728a2115d}.Debug|Any CPU.Build.0 = Debug|Any CPU
		{a6172529-38ef-3aff-f5e9-482096a7ff22}.Debug|Any CPU.ActiveCfg = Debug|Any CPU
		{a6172529-38ef-3aff-f5e9-482096a7ff22}.Debug|Any CPU.Build.0 = Debug|Any CPU
		{21926e4e-a4e6-ccc7-8faf-3e7289039735}.Debug|Any CPU.ActiveCfg = Debug|Any CPU
		{21926e4e-a4e6-ccc7-8faf-3e7289039735}.Debug|Any CPU.Build.0 = Debug|Any CPU
		{68c639a2-7d1a-0fdb-5dc4-2b93d1a6a6dc}.Debug|Any CPU.ActiveCfg = Debug|Any CPU
		{68c639a2-7d1a-0fdb-5dc4-2b93d1a6a6dc}.Debug|Any CPU.Build.0 = Debug|Any CPU
		{00e13170-18fd-8f7e-075f-66340cbfc6e6}.Debug|Any CPU.ActiveCfg = Debug|Any CPU
		{00e13170-18fd-8f7e-075f-66340cbfc6e6}.Debug|Any CPU.Build.0 = Debug|Any CPU
		{983adc27-c22c-0631-2442-45318de84d83}.Debug|Any CPU.ActiveCfg = Debug|Any CPU
		{983adc27-c22c-0631-2442-45318de84d83}.Debug|Any CPU.Build.0 = Debug|Any CPU
		{2692aa5b-b6a9-a789-c015-7fce839a52a5}.Debug|Any CPU.ActiveCfg = Debug|Any CPU
		{2692aa5b-b6a9-a789-c015-7fce839a52a5}.Debug|Any CPU.Build.0 = Debug|Any CPU
		{18be8863-b35d-242f-af76-14261a82d698}.Debug|Any CPU.ActiveCfg = Debug|Any CPU
		{18be8863-b35d-242f-af76-14261a82d698}.Debug|Any CPU.Build.0 = Debug|Any CPU
		{223a9ab8-a5db-ad79-d3ad-1fa82f500bfc}.Debug|Any CPU.ActiveCfg = Debug|Any CPU
		{223a9ab8-a5db-ad79-d3ad-1fa82f500bfc}.Debug|Any CPU.Build.0 = Debug|Any CPU
		{d8cb8ebf-d297-96ed-2113-9647c14dde26}.Debug|Any CPU.ActiveCfg = Debug|Any CPU
		{d8cb8ebf-d297-96ed-2113-9647c14dde26}.Debug|Any CPU.Build.0 = Debug|Any CPU
		{e63637ed-42bf-f85d-64d5-7ddd7209c37f}.Debug|Any CPU.ActiveCfg = Debug|Any CPU
		{e63637ed-42bf-f85d-64d5-7ddd7209c37f}.Debug|Any CPU.Build.0 = Debug|Any CPU
		{507080c3-c8ac-d189-03ee-0eaa14fac058}.Debug|Any CPU.ActiveCfg = Debug|Any CPU
		{507080c3-c8ac-d189-03ee-0eaa14fac058}.Debug|Any CPU.Build.0 = Debug|Any CPU
		{fd4477c5-600d-f146-bd05-eaec28dbb2fb}.Debug|Any CPU.ActiveCfg = Debug|Any CPU
		{fd4477c5-600d-f146-bd05-eaec28dbb2fb}.Debug|Any CPU.Build.0 = Debug|Any CPU
		{804f6425-4e72-c52a-1cce-3d1110526df7}.Debug|Any CPU.ActiveCfg = Debug|Any CPU
		{804f6425-4e72-c52a-1cce-3d1110526df7}.Debug|Any CPU.Build.0 = Debug|Any CPU
		{3b43d5d3-fb5d-b088-9ebe-8f58fd0793dc}.Debug|Any CPU.ActiveCfg = Debug|Any CPU
		{3b43d5d3-fb5d-b088-9ebe-8f58fd0793dc}.Debug|Any CPU.Build.0 = Debug|Any CPU
		{88b97f2c-373b-61a0-9611-b3893065625b}.Debug|Any CPU.ActiveCfg = Debug|Any CPU
		{88b97f2c-373b-61a0-9611-b3893065625b}.Debug|Any CPU.Build.0 = Debug|Any CPU
		{474066c5-4f65-628a-4ba2-a1db793e5c6a}.Debug|Any CPU.ActiveCfg = Debug|Any CPU
		{474066c5-4f65-628a-4ba2-a1db793e5c6a}.Debug|Any CPU.Build.0 = Debug|Any CPU
		{98ed725a-834c-5efc-c37d-0812c29c593b}.Debug|Any CPU.ActiveCfg = Debug|Any CPU
		{98ed725a-834c-5efc-c37d-0812c29c593b}.Debug|Any CPU.Build.0 = Debug|Any CPU
		{f7cfcd0d-3ade-6a1d-eef3-975f6c2abaf6}.Debug|Any CPU.ActiveCfg = Debug|Any CPU
		{f7cfcd0d-3ade-6a1d-eef3-975f6c2abaf6}.Debug|Any CPU.Build.0 = Debug|Any CPU
		{b05dc4c9-ddb2-db8e-c1a8-2771e82f0e9a}.Debug|Any CPU.ActiveCfg = Debug|Any CPU
		{b05dc4c9-ddb2-db8e-c1a8-2771e82f0e9a}.Debug|Any CPU.Build.0 = Debug|Any CPU
		{c1f639f1-0077-69dd-d37b-99a1525de44b}.Debug|Any CPU.ActiveCfg = Debug|Any CPU
		{c1f639f1-0077-69dd-d37b-99a1525de44b}.Debug|Any CPU.Build.0 = Debug|Any CPU
		{fd109a5e-01b5-b6ba-3630-94a5d8543a9c}.Debug|Any CPU.ActiveCfg = Debug|Any CPU
		{fd109a5e-01b5-b6ba-3630-94a5d8543a9c}.Debug|Any CPU.Build.0 = Debug|Any CPU
		{71f0685b-3736-4052-054e-77913136838f}.Debug|Any CPU.ActiveCfg = Debug|Any CPU
		{71f0685b-3736-4052-054e-77913136838f}.Debug|Any CPU.Build.0 = Debug|Any CPU
		{8288503d-1524-98aa-760b-ef9e8db9511a}.Debug|Any CPU.ActiveCfg = Debug|Any CPU
		{8288503d-1524-98aa-760b-ef9e8db9511a}.Debug|Any CPU.Build.0 = Debug|Any CPU
		{7a24cef4-04ca-4001-6cc2-bb6a7ae6fb0d}.Debug|Any CPU.ActiveCfg = Debug|Any CPU
		{7a24cef4-04ca-4001-6cc2-bb6a7ae6fb0d}.Debug|Any CPU.Build.0 = Debug|Any CPU
		{c02945de-9aa7-d725-6885-c6c7d240b445}.Debug|Any CPU.ActiveCfg = Debug|Any CPU
		{c02945de-9aa7-d725-6885-c6c7d240b445}.Debug|Any CPU.Build.0 = Debug|Any CPU
		{3b125bc5-d4b6-4d8c-bfdf-fb19a34e5ac6}.Debug|Any CPU.ActiveCfg = Debug|Any CPU
		{3b125bc5-d4b6-4d8c-bfdf-fb19a34e5ac6}.Debug|Any CPU.Build.0 = Debug|Any CPU
		{af60145a-3260-e8d9-95b3-9eeda6f0d8a0}.Debug|Any CPU.ActiveCfg = Debug|Any CPU
		{af60145a-3260-e8d9-95b3-9eeda6f0d8a0}.Debug|Any CPU.Build.0 = Debug|Any CPU
		{f7e6a855-07a2-85a7-79b4-72749a640b7f}.Debug|Any CPU.ActiveCfg = Debug|Any CPU
		{f7e6a855-07a2-85a7-79b4-72749a640b7f}.Debug|Any CPU.Build.0 = Debug|Any CPU
		{b73807dd-1130-09cd-5f54-baf94da8abc8}.Debug|Any CPU.ActiveCfg = Debug|Any CPU
		{b73807dd-1130-09cd-5f54-baf94da8abc8}.Debug|Any CPU.Build.0 = Debug|Any CPU
		{5262de29-3f51-ab72-45d6-b8d895016360}.Debug|Any CPU.ActiveCfg = Debug|Any CPU
		{5262de29-3f51-ab72-45d6-b8d895016360}.Debug|Any CPU.Build.0 = Debug|Any CPU
		{d95775d2-6fed-2f79-68fc-7efc340a8606}.Debug|Any CPU.ActiveCfg = Debug|Any CPU
		{d95775d2-6fed-2f79-68fc-7efc340a8606}.Debug|Any CPU.Build.0 = Debug|Any CPU
		{def93d72-628d-f7d8-d14c-2bb869f6eee3}.Debug|Any CPU.ActiveCfg = Debug|Any CPU
		{def93d72-628d-f7d8-d14c-2bb869f6eee3}.Debug|Any CPU.Build.0 = Debug|Any CPU
		{6e2840e3-14da-bf91-4095-636433490d19}.Debug|Any CPU.ActiveCfg = Debug|Any CPU
		{6e2840e3-14da-bf91-4095-636433490d19}.Debug|Any CPU.Build.0 = Debug|Any CPU
	EndGlobalSection
	GlobalSection(SolutionProperties) = preSolution
		HideSolutionNode = FALSE
	EndGlobalSection
EndGlobal
