
Microsoft Visual Studio Solution File, Format Version 11.00
# Visual Studio 2010
Project("{FAE04EC0-301F-11D3-BF4B-00C04F79EFBC}") = "Svelto.ECS", "Svelto.ECS.csproj", "{47d4b7f6-1e96-11f5-e2f0-fbbcc3e956dc}"
EndProject
Project("{FAE04EC0-301F-11D3-BF4B-00C04F79EFBC}") = "Assembly-CSharp", "Assembly-CSharp.csproj", "{36ac28b9-33ff-b2e4-df90-d0b34b9d28be}"
EndProject
Project("{FAE04EC0-301F-11D3-BF4B-00C04F79EFBC}") = "Svelto.Tasks", "Svelto.Tasks.csproj", "{ed096160-a4f4-d71d-7a8f-386967afaac4}"
EndProject
Project("{FAE04EC0-301F-11D3-BF4B-00C04F79EFBC}") = "Svelto.Common_3", "Svelto.Common_3.csproj", "{516bda96-fc70-4176-d74d-cda5778bb00b}"
EndProject
Project("{FAE04EC0-301F-11D3-BF4B-00C04F79EFBC}") = "Svelto.Services", "Svelto.Services.csproj", "{1eea31b3-c31d-11db-fc51-f0e6b7e2cc90}"
EndProject
Project("{FAE04EC0-301F-11D3-BF4B-00C04F79EFBC}") = "Svelto.ECS.Components.Unity", "Svelto.ECS.Components.Unity.csproj", "{bd2e9d70-5675-c4cc-71a2-6ef9f98fefce}"
EndProject
Project("{FAE04EC0-301F-11D3-BF4B-00C04F79EFBC}") = "Svelto.Pool.Debugger_3", "Svelto.Pool.Debugger_3.csproj", "{cb234c06-8019-ecea-f7ba-a3131dfe71c9}"
EndProject
Global
	GlobalSection(SolutionConfigurationPlatforms) = preSolution
		Debug|Any CPU = Debug|Any CPU
		Release|Any CPU = Release|Any CPU
	EndGlobalSection
	GlobalSection(ProjectConfigurationPlatforms) = postSolution
		{47d4b7f6-1e96-11f5-e2f0-fbbcc3e956dc}.Debug|Any CPU.ActiveCfg = Debug|Any CPU
		{47d4b7f6-1e96-11f5-e2f0-fbbcc3e956dc}.Debug|Any CPU.Build.0 = Debug|Any CPU
		{47d4b7f6-1e96-11f5-e2f0-fbbcc3e956dc}.Release|Any CPU.ActiveCfg = Release|Any CPU
		{47d4b7f6-1e96-11f5-e2f0-fbbcc3e956dc}.Release|Any CPU.Build.0 = Release|Any CPU
		{36ac28b9-33ff-b2e4-df90-d0b34b9d28be}.Debug|Any CPU.ActiveCfg = Debug|Any CPU
		{36ac28b9-33ff-b2e4-df90-d0b34b9d28be}.Debug|Any CPU.Build.0 = Debug|Any CPU
		{36ac28b9-33ff-b2e4-df90-d0b34b9d28be}.Release|Any CPU.ActiveCfg = Release|Any CPU
		{36ac28b9-33ff-b2e4-df90-d0b34b9d28be}.Release|Any CPU.Build.0 = Release|Any CPU
		{ed096160-a4f4-d71d-7a8f-386967afaac4}.Debug|Any CPU.ActiveCfg = Debug|Any CPU
		{ed096160-a4f4-d71d-7a8f-386967afaac4}.Debug|Any CPU.Build.0 = Debug|Any CPU
		{ed096160-a4f4-d71d-7a8f-386967afaac4}.Release|Any CPU.ActiveCfg = Release|Any CPU
		{ed096160-a4f4-d71d-7a8f-386967afaac4}.Release|Any CPU.Build.0 = Release|Any CPU
		{516bda96-fc70-4176-d74d-cda5778bb00b}.Debug|Any CPU.ActiveCfg = Debug|Any CPU
		{516bda96-fc70-4176-d74d-cda5778bb00b}.Debug|Any CPU.Build.0 = Debug|Any CPU
		{516bda96-fc70-4176-d74d-cda5778bb00b}.Release|Any CPU.ActiveCfg = Release|Any CPU
		{516bda96-fc70-4176-d74d-cda5778bb00b}.Release|Any CPU.Build.0 = Release|Any CPU
		{1eea31b3-c31d-11db-fc51-f0e6b7e2cc90}.Debug|Any CPU.ActiveCfg = Debug|Any CPU
		{1eea31b3-c31d-11db-fc51-f0e6b7e2cc90}.Debug|Any CPU.Build.0 = Debug|Any CPU
		{1eea31b3-c31d-11db-fc51-f0e6b7e2cc90}.Release|Any CPU.ActiveCfg = Release|Any CPU
		{1eea31b3-c31d-11db-fc51-f0e6b7e2cc90}.Release|Any CPU.Build.0 = Release|Any CPU
		{bd2e9d70-5675-c4cc-71a2-6ef9f98fefce}.Debug|Any CPU.ActiveCfg = Debug|Any CPU
		{bd2e9d70-5675-c4cc-71a2-6ef9f98fefce}.Debug|Any CPU.Build.0 = Debug|Any CPU
		{bd2e9d70-5675-c4cc-71a2-6ef9f98fefce}.Release|Any CPU.ActiveCfg = Release|Any CPU
		{bd2e9d70-5675-c4cc-71a2-6ef9f98fefce}.Release|Any CPU.Build.0 = Release|Any CPU
		{cb234c06-8019-ecea-f7ba-a3131dfe71c9}.Debug|Any CPU.ActiveCfg = Debug|Any CPU
		{cb234c06-8019-ecea-f7ba-a3131dfe71c9}.Debug|Any CPU.Build.0 = Debug|Any CPU
		{cb234c06-8019-ecea-f7ba-a3131dfe71c9}.Release|Any CPU.ActiveCfg = Release|Any CPU
		{cb234c06-8019-ecea-f7ba-a3131dfe71c9}.Release|Any CPU.Build.0 = Release|Any CPU
	EndGlobalSection
	GlobalSection(SolutionProperties) = preSolution
		HideSolutionNode = FALSE
	EndGlobalSection
EndGlobal
