
Microsoft Visual Studio Solution File, Format Version 11.00
# Visual Studio 2010
Project("{FAE04EC0-301F-11D3-BF4B-00C04F79EFBC}") = "Svelto.Common", "Svelto.Common.csproj", "{2C275F67-4AB5-9F9C-D841-0992A1422317}"
EndProject
Project("{FAE04EC0-301F-11D3-BF4B-00C04F79EFBC}") = "Svelto.Tasks", "Svelto.Tasks.csproj", "{C137B8A2-DE30-773F-BB9C-4A19C447447B}"
EndProject
Project("{FAE04EC0-301F-11D3-BF4B-00C04F79EFBC}") = "Svelto.ECS", "Svelto.ECS.csproj", "{4E090A38-399E-05A1-43BF-71C646B6E92D}"
EndProject
Project("{FAE04EC0-301F-11D3-BF4B-00C04F79EFBC}") = "DoofusesBurstified", "DoofusesBurstified.csproj", "{3BDAC408-EFF1-FB9A-7F4D-76F9B29CFCBB}"
EndProject
Project("{FAE04EC0-301F-11D3-BF4B-00C04F79EFBC}") = "Svelto.Services", "Svelto.Services.csproj", "{F4146FE1-7E0F-ADB1-693D-4211DAAD7748}"
EndProject
Project("{FAE04EC0-301F-11D3-BF4B-00C04F79EFBC}") = "Svelto.ECS.Debugger.Internal", "Svelto.ECS.Debugger.Internal.csproj", "{F2C93734-C80A-9455-66D5-500C024DA430}"
EndProject
Project("{FAE04EC0-301F-11D3-BF4B-00C04F79EFBC}") = "Svelto.ECS.Debugger", "Svelto.ECS.Debugger.csproj", "{2268A9AD-7687-95BD-7C4B-A0BB999C0E9F}"
EndProject
Project("{FAE04EC0-301F-11D3-BF4B-00C04F79EFBC}") = "Svelto.ECS.Debugger.Editor", "Svelto.ECS.Debugger.Editor.csproj", "{E930187B-C206-DED0-5FAC-B9FDD9E513FF}"
EndProject
Project("{FAE04EC0-301F-11D3-BF4B-00C04F79EFBC}") = "Svelto.Pool.Debugger", "Svelto.Pool.Debugger.csproj", "{CF5DAAB5-81E6-CD71-6F98-3969EFE6E13E}"
EndProject
Global
	GlobalSection(SolutionConfigurationPlatforms) = preSolution
		Debug|Any CPU = Debug|Any CPU
		Release|Any CPU = Release|Any CPU
	EndGlobalSection
	GlobalSection(ProjectConfigurationPlatforms) = postSolution
		{2C275F67-4AB5-9F9C-D841-0992A1422317}.Debug|Any CPU.ActiveCfg = Debug|Any CPU
		{2C275F67-4AB5-9F9C-D841-0992A1422317}.Debug|Any CPU.Build.0 = Debug|Any CPU
		{2C275F67-4AB5-9F9C-D841-0992A1422317}.Release|Any CPU.ActiveCfg = Release|Any CPU
		{2C275F67-4AB5-9F9C-D841-0992A1422317}.Release|Any CPU.Build.0 = Release|Any CPU
		{C137B8A2-DE30-773F-BB9C-4A19C447447B}.Debug|Any CPU.ActiveCfg = Debug|Any CPU
		{C137B8A2-DE30-773F-BB9C-4A19C447447B}.Debug|Any CPU.Build.0 = Debug|Any CPU
		{C137B8A2-DE30-773F-BB9C-4A19C447447B}.Release|Any CPU.ActiveCfg = Release|Any CPU
		{C137B8A2-DE30-773F-BB9C-4A19C447447B}.Release|Any CPU.Build.0 = Release|Any CPU
		{4E090A38-399E-05A1-43BF-71C646B6E92D}.Debug|Any CPU.ActiveCfg = Debug|Any CPU
		{4E090A38-399E-05A1-43BF-71C646B6E92D}.Debug|Any CPU.Build.0 = Debug|Any CPU
		{4E090A38-399E-05A1-43BF-71C646B6E92D}.Release|Any CPU.ActiveCfg = Release|Any CPU
		{4E090A38-399E-05A1-43BF-71C646B6E92D}.Release|Any CPU.Build.0 = Release|Any CPU
		{3BDAC408-EFF1-FB9A-7F4D-76F9B29CFCBB}.Debug|Any CPU.ActiveCfg = Debug|Any CPU
		{3BDAC408-EFF1-FB9A-7F4D-76F9B29CFCBB}.Debug|Any CPU.Build.0 = Debug|Any CPU
		{3BDAC408-EFF1-FB9A-7F4D-76F9B29CFCBB}.Release|Any CPU.ActiveCfg = Release|Any CPU
		{3BDAC408-EFF1-FB9A-7F4D-76F9B29CFCBB}.Release|Any CPU.Build.0 = Release|Any CPU
		{F4146FE1-7E0F-ADB1-693D-4211DAAD7748}.Debug|Any CPU.ActiveCfg = Debug|Any CPU
		{F4146FE1-7E0F-ADB1-693D-4211DAAD7748}.Debug|Any CPU.Build.0 = Debug|Any CPU
		{F4146FE1-7E0F-ADB1-693D-4211DAAD7748}.Release|Any CPU.ActiveCfg = Release|Any CPU
		{F4146FE1-7E0F-ADB1-693D-4211DAAD7748}.Release|Any CPU.Build.0 = Release|Any CPU
		{F2C93734-C80A-9455-66D5-500C024DA430}.Debug|Any CPU.ActiveCfg = Debug|Any CPU
		{F2C93734-C80A-9455-66D5-500C024DA430}.Debug|Any CPU.Build.0 = Debug|Any CPU
		{F2C93734-C80A-9455-66D5-500C024DA430}.Release|Any CPU.ActiveCfg = Release|Any CPU
		{F2C93734-C80A-9455-66D5-500C024DA430}.Release|Any CPU.Build.0 = Release|Any CPU
		{2268A9AD-7687-95BD-7C4B-A0BB999C0E9F}.Debug|Any CPU.ActiveCfg = Debug|Any CPU
		{2268A9AD-7687-95BD-7C4B-A0BB999C0E9F}.Debug|Any CPU.Build.0 = Debug|Any CPU
		{2268A9AD-7687-95BD-7C4B-A0BB999C0E9F}.Release|Any CPU.ActiveCfg = Release|Any CPU
		{2268A9AD-7687-95BD-7C4B-A0BB999C0E9F}.Release|Any CPU.Build.0 = Release|Any CPU
		{E930187B-C206-DED0-5FAC-B9FDD9E513FF}.Debug|Any CPU.ActiveCfg = Debug|Any CPU
		{E930187B-C206-DED0-5FAC-B9FDD9E513FF}.Debug|Any CPU.Build.0 = Debug|Any CPU
		{E930187B-C206-DED0-5FAC-B9FDD9E513FF}.Release|Any CPU.ActiveCfg = Release|Any CPU
		{E930187B-C206-DED0-5FAC-B9FDD9E513FF}.Release|Any CPU.Build.0 = Release|Any CPU
		{CF5DAAB5-81E6-CD71-6F98-3969EFE6E13E}.Debug|Any CPU.ActiveCfg = Debug|Any CPU
		{CF5DAAB5-81E6-CD71-6F98-3969EFE6E13E}.Debug|Any CPU.Build.0 = Debug|Any CPU
		{CF5DAAB5-81E6-CD71-6F98-3969EFE6E13E}.Release|Any CPU.ActiveCfg = Release|Any CPU
		{CF5DAAB5-81E6-CD71-6F98-3969EFE6E13E}.Release|Any CPU.Build.0 = Release|Any CPU
	EndGlobalSection
	GlobalSection(SolutionProperties) = preSolution
		HideSolutionNode = FALSE
	EndGlobalSection
EndGlobal
